// !$*UTF8*$!
{
	archiveVersion = 1;
	classes = {
	};
	objectVersion = 46;
	objects = {

/* Begin PBXBuildFile section */
		6CE6EED01F3487F6006065D7 /* JTPwdStrengthIndicatorViewController.m in Sources */ = {isa = PBXBuildFile; fileRef = 6CE6EECF1F3487F6006065D7 /* JTPwdStrengthIndicatorViewController.m */; settings = {ASSET_TAGS = (); }; };
		6CE6EED31F348B23006065D7 /* JTPwdStrengthIndicatorView.m in Sources */ = {isa = PBXBuildFile; fileRef = 6CE6EED21F348B23006065D7 /* JTPwdStrengthIndicatorView.m */; settings = {ASSET_TAGS = (); }; };
		6CE6EED71F34975B006065D7 /* JTDecayViewController.m in Sources */ = {isa = PBXBuildFile; fileRef = 6CE6EED61F34975B006065D7 /* JTDecayViewController.m */; settings = {ASSET_TAGS = (); }; };
		6CFBFECA1F07E208004F5EEF /* Assets.xcassets in Resources */ = {isa = PBXBuildFile; fileRef = 6CFBFEC91F07E208004F5EEF /* Assets.xcassets */; };
		6CFBFED81F07E208004F5EEF /* JTAnimationsTests.m in Sources */ = {isa = PBXBuildFile; fileRef = 6CFBFED71F07E208004F5EEF /* JTAnimationsTests.m */; };
		6CFBFEE31F07E208004F5EEF /* JTAnimationsUITests.m in Sources */ = {isa = PBXBuildFile; fileRef = 6CFBFEE21F07E208004F5EEF /* JTAnimationsUITests.m */; };
		6CFBFEF61F07E923004F5EEF /* AppDelegate.m in Sources */ = {isa = PBXBuildFile; fileRef = 6CFBFEF41F07E923004F5EEF /* AppDelegate.m */; settings = {ASSET_TAGS = (); }; };
		6CFBFEF71F07E923004F5EEF /* main.m in Sources */ = {isa = PBXBuildFile; fileRef = 6CFBFEF51F07E923004F5EEF /* main.m */; settings = {ASSET_TAGS = (); }; };
		6CFBFEFB1F07E96D004F5EEF /* JTNavigationController.m in Sources */ = {isa = PBXBuildFile; fileRef = 6CFBFEFA1F07E96D004F5EEF /* JTNavigationController.m */; settings = {ASSET_TAGS = (); }; };
		6CFBFF011F07EDD8004F5EEF /* JTConst.m in Sources */ = {isa = PBXBuildFile; fileRef = 6CFBFF001F07EDD8004F5EEF /* JTConst.m */; settings = {ASSET_TAGS = (); }; };
		6CFBFF0A1F0886D2004F5EEF /* JTAppServiceTool.m in Sources */ = {isa = PBXBuildFile; fileRef = 6CFBFF091F0886D2004F5EEF /* JTAppServiceTool.m */; settings = {ASSET_TAGS = (); }; };
		6CFBFF121F08BCF4004F5EEF /* JTHomeController.m in Sources */ = {isa = PBXBuildFile; fileRef = 6CFBFF111F08BCF4004F5EEF /* JTHomeController.m */; settings = {ASSET_TAGS = (); }; };
		6CFBFF151F08BD0E004F5EEF /* JTHomeItem.m in Sources */ = {isa = PBXBuildFile; fileRef = 6CFBFF141F08BD0E004F5EEF /* JTHomeItem.m */; settings = {ASSET_TAGS = (); }; };
		6CFBFF241F08CB42004F5EEF /* UIBarButtonItem+Extension.m in Sources */ = {isa = PBXBuildFile; fileRef = 6CFBFF231F08CB42004F5EEF /* UIBarButtonItem+Extension.m */; settings = {ASSET_TAGS = (); }; };
		6CFBFF281F08EC97004F5EEF /* JTSnowViewController.m in Sources */ = {isa = PBXBuildFile; fileRef = 6CFBFF271F08EC97004F5EEF /* JTSnowViewController.m */; settings = {ASSET_TAGS = (); }; };
		6CFBFF301F09D9FB004F5EEF /* FBShimmeringLayer.m in Sources */ = {isa = PBXBuildFile; fileRef = 6CFBFF2D1F09D9FB004F5EEF /* FBShimmeringLayer.m */; settings = {ASSET_TAGS = (); }; };
		6CFBFF311F09D9FB004F5EEF /* FBShimmeringView.m in Sources */ = {isa = PBXBuildFile; fileRef = 6CFBFF2F1F09D9FB004F5EEF /* FBShimmeringView.m */; settings = {ASSET_TAGS = (); }; };
		6CFBFF341F09DEE0004F5EEF /* UIView+Frame.m in Sources */ = {isa = PBXBuildFile; fileRef = 6CFBFF331F09DEE0004F5EEF /* UIView+Frame.m */; settings = {ASSET_TAGS = (); }; };
		6CFBFF3B1F0A3402004F5EEF /* JTShimmerViewController.m in Sources */ = {isa = PBXBuildFile; fileRef = 6CFBFF3A1F0A3402004F5EEF /* JTShimmerViewController.m */; settings = {ASSET_TAGS = (); }; };
		6CFBFF3E1F0A5903004F5EEF /* JTBaseViewController.m in Sources */ = {isa = PBXBuildFile; fileRef = 6CFBFF3D1F0A5903004F5EEF /* JTBaseViewController.m */; settings = {ASSET_TAGS = (); }; };
		6CFBFF451F0A6798004F5EEF /* JTNavView.m in Sources */ = {isa = PBXBuildFile; fileRef = 6CFBFF441F0A6798004F5EEF /* JTNavView.m */; settings = {ASSET_TAGS = (); }; };
		6CFBFF7E1F0B6C18004F5EEF /* POPAnimatableProperty.mm in Sources */ = {isa = PBXBuildFile; fileRef = 6CFBFF4D1F0B6C18004F5EEF /* POPAnimatableProperty.mm */; settings = {ASSET_TAGS = (); }; };
		6CFBFF7F1F0B6C18004F5EEF /* POPAnimation.mm in Sources */ = {isa = PBXBuildFile; fileRef = 6CFBFF4F1F0B6C18004F5EEF /* POPAnimation.mm */; settings = {ASSET_TAGS = (); }; };
		6CFBFF801F0B6C18004F5EEF /* POPAnimationEvent.mm in Sources */ = {isa = PBXBuildFile; fileRef = 6CFBFF511F0B6C18004F5EEF /* POPAnimationEvent.mm */; settings = {ASSET_TAGS = (); }; };
		6CFBFF811F0B6C18004F5EEF /* POPAnimationExtras.mm in Sources */ = {isa = PBXBuildFile; fileRef = 6CFBFF541F0B6C18004F5EEF /* POPAnimationExtras.mm */; settings = {ASSET_TAGS = (); }; };
		6CFBFF821F0B6C18004F5EEF /* POPAnimationRuntime.mm in Sources */ = {isa = PBXBuildFile; fileRef = 6CFBFF581F0B6C18004F5EEF /* POPAnimationRuntime.mm */; settings = {ASSET_TAGS = (); }; };
		6CFBFF831F0B6C18004F5EEF /* POPAnimationTracer.mm in Sources */ = {isa = PBXBuildFile; fileRef = 6CFBFF5A1F0B6C18004F5EEF /* POPAnimationTracer.mm */; settings = {ASSET_TAGS = (); }; };
		6CFBFF841F0B6C18004F5EEF /* POPAnimator.mm in Sources */ = {isa = PBXBuildFile; fileRef = 6CFBFF5D1F0B6C18004F5EEF /* POPAnimator.mm */; settings = {ASSET_TAGS = (); }; };
		6CFBFF851F0B6C18004F5EEF /* POPBasicAnimation.mm in Sources */ = {isa = PBXBuildFile; fileRef = 6CFBFF601F0B6C18004F5EEF /* POPBasicAnimation.mm */; settings = {ASSET_TAGS = (); }; };
		6CFBFF861F0B6C18004F5EEF /* POPCGUtils.mm in Sources */ = {isa = PBXBuildFile; fileRef = 6CFBFF631F0B6C18004F5EEF /* POPCGUtils.mm */; settings = {ASSET_TAGS = (); }; };
		6CFBFF871F0B6C18004F5EEF /* POPCustomAnimation.mm in Sources */ = {isa = PBXBuildFile; fileRef = 6CFBFF651F0B6C18004F5EEF /* POPCustomAnimation.mm */; settings = {ASSET_TAGS = (); }; };
		6CFBFF881F0B6C18004F5EEF /* POPDecayAnimation.mm in Sources */ = {isa = PBXBuildFile; fileRef = 6CFBFF671F0B6C18004F5EEF /* POPDecayAnimation.mm */; settings = {ASSET_TAGS = (); }; };
		6CFBFF891F0B6C18004F5EEF /* POPGeometry.mm in Sources */ = {isa = PBXBuildFile; fileRef = 6CFBFF6B1F0B6C18004F5EEF /* POPGeometry.mm */; settings = {ASSET_TAGS = (); }; };
		6CFBFF8A1F0B6C18004F5EEF /* POPLayerExtras.mm in Sources */ = {isa = PBXBuildFile; fileRef = 6CFBFF6D1F0B6C18004F5EEF /* POPLayerExtras.mm */; settings = {ASSET_TAGS = (); }; };
		6CFBFF8B1F0B6C18004F5EEF /* POPMath.mm in Sources */ = {isa = PBXBuildFile; fileRef = 6CFBFF6F1F0B6C18004F5EEF /* POPMath.mm */; settings = {ASSET_TAGS = (); }; };
		6CFBFF8C1F0B6C18004F5EEF /* POPPropertyAnimation.mm in Sources */ = {isa = PBXBuildFile; fileRef = 6CFBFF711F0B6C18004F5EEF /* POPPropertyAnimation.mm */; settings = {ASSET_TAGS = (); }; };
		6CFBFF8D1F0B6C18004F5EEF /* POPSpringAnimation.mm in Sources */ = {isa = PBXBuildFile; fileRef = 6CFBFF741F0B6C18004F5EEF /* POPSpringAnimation.mm */; settings = {ASSET_TAGS = (); }; };
		6CFBFF8E1F0B6C18004F5EEF /* POPVector.mm in Sources */ = {isa = PBXBuildFile; fileRef = 6CFBFF781F0B6C18004F5EEF /* POPVector.mm */; settings = {ASSET_TAGS = (); }; };
		6CFBFF8F1F0B6C18004F5EEF /* TransformationMatrix.cpp in Sources */ = {isa = PBXBuildFile; fileRef = 6CFBFF7B1F0B6C18004F5EEF /* TransformationMatrix.cpp */; settings = {ASSET_TAGS = (); }; };
		6CFBFF911F0BB2D8004F5EEF /* HYQiHei-25JF.otf in Resources */ = {isa = PBXBuildFile; fileRef = 6CFBFF901F0BB2D8004F5EEF /* HYQiHei-25JF.otf */; settings = {ASSET_TAGS = (); }; };
		6CFBFF951F0BED5E004F5EEF /* JTPopNumberViewController.m in Sources */ = {isa = PBXBuildFile; fileRef = 6CFBFF941F0BED5E004F5EEF /* JTPopNumberViewController.m */; settings = {ASSET_TAGS = (); }; };
/* End PBXBuildFile section */

/* Begin PBXContainerItemProxy section */
		6CFBFED41F07E208004F5EEF /* PBXContainerItemProxy */ = {
			isa = PBXContainerItemProxy;
			containerPortal = 6CFBFEB21F07E208004F5EEF /* Project object */;
			proxyType = 1;
			remoteGlobalIDString = 6CFBFEB91F07E208004F5EEF;
			remoteInfo = JTAnimations;
		};
		6CFBFEDF1F07E208004F5EEF /* PBXContainerItemProxy */ = {
			isa = PBXContainerItemProxy;
			containerPortal = 6CFBFEB21F07E208004F5EEF /* Project object */;
			proxyType = 1;
			remoteGlobalIDString = 6CFBFEB91F07E208004F5EEF;
			remoteInfo = JTAnimations;
		};
/* End PBXContainerItemProxy section */

/* Begin PBXFileReference section */
		6CE6EECE1F3487F6006065D7 /* JTPwdStrengthIndicatorViewController.h */ = {isa = PBXFileReference; fileEncoding = 4; lastKnownFileType = sourcecode.c.h; path = JTPwdStrengthIndicatorViewController.h; sourceTree = "<group>"; };
		6CE6EECF1F3487F6006065D7 /* JTPwdStrengthIndicatorViewController.m */ = {isa = PBXFileReference; fileEncoding = 4; lastKnownFileType = sourcecode.c.objc; path = JTPwdStrengthIndicatorViewController.m; sourceTree = "<group>"; };
		6CE6EED11F348B23006065D7 /* JTPwdStrengthIndicatorView.h */ = {isa = PBXFileReference; fileEncoding = 4; lastKnownFileType = sourcecode.c.h; path = JTPwdStrengthIndicatorView.h; sourceTree = "<group>"; };
		6CE6EED21F348B23006065D7 /* JTPwdStrengthIndicatorView.m */ = {isa = PBXFileReference; fileEncoding = 4; lastKnownFileType = sourcecode.c.objc; path = JTPwdStrengthIndicatorView.m; sourceTree = "<group>"; };
		6CE6EED51F34975B006065D7 /* JTDecayViewController.h */ = {isa = PBXFileReference; fileEncoding = 4; lastKnownFileType = sourcecode.c.h; path = JTDecayViewController.h; sourceTree = "<group>"; };
		6CE6EED61F34975B006065D7 /* JTDecayViewController.m */ = {isa = PBXFileReference; fileEncoding = 4; lastKnownFileType = sourcecode.c.objc; path = JTDecayViewController.m; sourceTree = "<group>"; };
		6CFBFEBA1F07E208004F5EEF /* JTAnimations.app */ = {isa = PBXFileReference; explicitFileType = wrapper.application; includeInIndex = 0; path = JTAnimations.app; sourceTree = BUILT_PRODUCTS_DIR; };
		6CFBFEC91F07E208004F5EEF /* Assets.xcassets */ = {isa = PBXFileReference; lastKnownFileType = folder.assetcatalog; path = Assets.xcassets; sourceTree = "<group>"; };
		6CFBFECE1F07E208004F5EEF /* Info.plist */ = {isa = PBXFileReference; lastKnownFileType = text.plist.xml; path = Info.plist; sourceTree = "<group>"; };
		6CFBFED31F07E208004F5EEF /* JTAnimationsTests.xctest */ = {isa = PBXFileReference; explicitFileType = wrapper.cfbundle; includeInIndex = 0; path = JTAnimationsTests.xctest; sourceTree = BUILT_PRODUCTS_DIR; };
		6CFBFED71F07E208004F5EEF /* JTAnimationsTests.m */ = {isa = PBXFileReference; lastKnownFileType = sourcecode.c.objc; path = JTAnimationsTests.m; sourceTree = "<group>"; };
		6CFBFED91F07E208004F5EEF /* Info.plist */ = {isa = PBXFileReference; lastKnownFileType = text.plist.xml; path = Info.plist; sourceTree = "<group>"; };
		6CFBFEDE1F07E208004F5EEF /* JTAnimationsUITests.xctest */ = {isa = PBXFileReference; explicitFileType = wrapper.cfbundle; includeInIndex = 0; path = JTAnimationsUITests.xctest; sourceTree = BUILT_PRODUCTS_DIR; };
		6CFBFEE21F07E208004F5EEF /* JTAnimationsUITests.m */ = {isa = PBXFileReference; lastKnownFileType = sourcecode.c.objc; path = JTAnimationsUITests.m; sourceTree = "<group>"; };
		6CFBFEE41F07E208004F5EEF /* Info.plist */ = {isa = PBXFileReference; lastKnownFileType = text.plist.xml; path = Info.plist; sourceTree = "<group>"; };
		6CFBFEF31F07E923004F5EEF /* AppDelegate.h */ = {isa = PBXFileReference; fileEncoding = 4; lastKnownFileType = sourcecode.c.h; path = AppDelegate.h; sourceTree = "<group>"; };
		6CFBFEF41F07E923004F5EEF /* AppDelegate.m */ = {isa = PBXFileReference; fileEncoding = 4; lastKnownFileType = sourcecode.c.objc; path = AppDelegate.m; sourceTree = "<group>"; };
		6CFBFEF51F07E923004F5EEF /* main.m */ = {isa = PBXFileReference; fileEncoding = 4; lastKnownFileType = sourcecode.c.objc; path = main.m; sourceTree = "<group>"; };
		6CFBFEF91F07E96D004F5EEF /* JTNavigationController.h */ = {isa = PBXFileReference; fileEncoding = 4; lastKnownFileType = sourcecode.c.h; path = JTNavigationController.h; sourceTree = "<group>"; };
		6CFBFEFA1F07E96D004F5EEF /* JTNavigationController.m */ = {isa = PBXFileReference; fileEncoding = 4; lastKnownFileType = sourcecode.c.objc; path = JTNavigationController.m; sourceTree = "<group>"; };
		6CFBFEFF1F07EDD8004F5EEF /* JTConst.h */ = {isa = PBXFileReference; fileEncoding = 4; lastKnownFileType = sourcecode.c.h; path = JTConst.h; sourceTree = "<group>"; };
		6CFBFF001F07EDD8004F5EEF /* JTConst.m */ = {isa = PBXFileReference; fileEncoding = 4; lastKnownFileType = sourcecode.c.objc; path = JTConst.m; sourceTree = "<group>"; };
		6CFBFF081F0886D2004F5EEF /* JTAppServiceTool.h */ = {isa = PBXFileReference; fileEncoding = 4; lastKnownFileType = sourcecode.c.h; path = JTAppServiceTool.h; sourceTree = "<group>"; };
		6CFBFF091F0886D2004F5EEF /* JTAppServiceTool.m */ = {isa = PBXFileReference; fileEncoding = 4; lastKnownFileType = sourcecode.c.objc; path = JTAppServiceTool.m; sourceTree = "<group>"; };
		6CFBFF101F08BCF4004F5EEF /* JTHomeController.h */ = {isa = PBXFileReference; fileEncoding = 4; lastKnownFileType = sourcecode.c.h; path = JTHomeController.h; sourceTree = "<group>"; };
		6CFBFF111F08BCF4004F5EEF /* JTHomeController.m */ = {isa = PBXFileReference; fileEncoding = 4; lastKnownFileType = sourcecode.c.objc; path = JTHomeController.m; sourceTree = "<group>"; };
		6CFBFF131F08BD0E004F5EEF /* JTHomeItem.h */ = {isa = PBXFileReference; fileEncoding = 4; lastKnownFileType = sourcecode.c.h; path = JTHomeItem.h; sourceTree = "<group>"; };
		6CFBFF141F08BD0E004F5EEF /* JTHomeItem.m */ = {isa = PBXFileReference; fileEncoding = 4; lastKnownFileType = sourcecode.c.objc; path = JTHomeItem.m; sourceTree = "<group>"; };
		6CFBFF221F08CB42004F5EEF /* UIBarButtonItem+Extension.h */ = {isa = PBXFileReference; fileEncoding = 4; lastKnownFileType = sourcecode.c.h; path = "UIBarButtonItem+Extension.h"; sourceTree = "<group>"; };
		6CFBFF231F08CB42004F5EEF /* UIBarButtonItem+Extension.m */ = {isa = PBXFileReference; fileEncoding = 4; lastKnownFileType = sourcecode.c.objc; path = "UIBarButtonItem+Extension.m"; sourceTree = "<group>"; };
		6CFBFF261F08EC97004F5EEF /* JTSnowViewController.h */ = {isa = PBXFileReference; fileEncoding = 4; lastKnownFileType = sourcecode.c.h; path = JTSnowViewController.h; sourceTree = "<group>"; };
		6CFBFF271F08EC97004F5EEF /* JTSnowViewController.m */ = {isa = PBXFileReference; fileEncoding = 4; lastKnownFileType = sourcecode.c.objc; path = JTSnowViewController.m; sourceTree = "<group>"; };
		6CFBFF2B1F09D9FB004F5EEF /* FBShimmering.h */ = {isa = PBXFileReference; fileEncoding = 4; lastKnownFileType = sourcecode.c.h; path = FBShimmering.h; sourceTree = "<group>"; };
		6CFBFF2C1F09D9FB004F5EEF /* FBShimmeringLayer.h */ = {isa = PBXFileReference; fileEncoding = 4; lastKnownFileType = sourcecode.c.h; path = FBShimmeringLayer.h; sourceTree = "<group>"; };
		6CFBFF2D1F09D9FB004F5EEF /* FBShimmeringLayer.m */ = {isa = PBXFileReference; fileEncoding = 4; lastKnownFileType = sourcecode.c.objc; path = FBShimmeringLayer.m; sourceTree = "<group>"; };
		6CFBFF2E1F09D9FB004F5EEF /* FBShimmeringView.h */ = {isa = PBXFileReference; fileEncoding = 4; lastKnownFileType = sourcecode.c.h; path = FBShimmeringView.h; sourceTree = "<group>"; };
		6CFBFF2F1F09D9FB004F5EEF /* FBShimmeringView.m */ = {isa = PBXFileReference; fileEncoding = 4; lastKnownFileType = sourcecode.c.objc; path = FBShimmeringView.m; sourceTree = "<group>"; };
		6CFBFF321F09DEE0004F5EEF /* UIView+Frame.h */ = {isa = PBXFileReference; fileEncoding = 4; lastKnownFileType = sourcecode.c.h; path = "UIView+Frame.h"; sourceTree = "<group>"; };
		6CFBFF331F09DEE0004F5EEF /* UIView+Frame.m */ = {isa = PBXFileReference; fileEncoding = 4; lastKnownFileType = sourcecode.c.objc; path = "UIView+Frame.m"; sourceTree = "<group>"; };
		6CFBFF391F0A3402004F5EEF /* JTShimmerViewController.h */ = {isa = PBXFileReference; fileEncoding = 4; lastKnownFileType = sourcecode.c.h; path = JTShimmerViewController.h; sourceTree = "<group>"; };
		6CFBFF3A1F0A3402004F5EEF /* JTShimmerViewController.m */ = {isa = PBXFileReference; fileEncoding = 4; lastKnownFileType = sourcecode.c.objc; path = JTShimmerViewController.m; sourceTree = "<group>"; };
		6CFBFF3C1F0A5903004F5EEF /* JTBaseViewController.h */ = {isa = PBXFileReference; fileEncoding = 4; lastKnownFileType = sourcecode.c.h; path = JTBaseViewController.h; sourceTree = "<group>"; };
		6CFBFF3D1F0A5903004F5EEF /* JTBaseViewController.m */ = {isa = PBXFileReference; fileEncoding = 4; lastKnownFileType = sourcecode.c.objc; path = JTBaseViewController.m; sourceTree = "<group>"; };
		6CFBFF431F0A6798004F5EEF /* JTNavView.h */ = {isa = PBXFileReference; fileEncoding = 4; lastKnownFileType = sourcecode.c.h; path = JTNavView.h; sourceTree = "<group>"; };
		6CFBFF441F0A6798004F5EEF /* JTNavView.m */ = {isa = PBXFileReference; fileEncoding = 4; lastKnownFileType = sourcecode.c.objc; path = JTNavView.m; sourceTree = "<group>"; };
		6CFBFF4A1F0B6C18004F5EEF /* POP.h */ = {isa = PBXFileReference; fileEncoding = 4; lastKnownFileType = sourcecode.c.h; path = POP.h; sourceTree = "<group>"; };
		6CFBFF4B1F0B6C18004F5EEF /* POPAction.h */ = {isa = PBXFileReference; fileEncoding = 4; lastKnownFileType = sourcecode.c.h; path = POPAction.h; sourceTree = "<group>"; };
		6CFBFF4C1F0B6C18004F5EEF /* POPAnimatableProperty.h */ = {isa = PBXFileReference; fileEncoding = 4; lastKnownFileType = sourcecode.c.h; path = POPAnimatableProperty.h; sourceTree = "<group>"; };
		6CFBFF4D1F0B6C18004F5EEF /* POPAnimatableProperty.mm */ = {isa = PBXFileReference; fileEncoding = 4; lastKnownFileType = sourcecode.cpp.objcpp; path = POPAnimatableProperty.mm; sourceTree = "<group>"; };
		6CFBFF4E1F0B6C18004F5EEF /* POPAnimation.h */ = {isa = PBXFileReference; fileEncoding = 4; lastKnownFileType = sourcecode.c.h; path = POPAnimation.h; sourceTree = "<group>"; };
		6CFBFF4F1F0B6C18004F5EEF /* POPAnimation.mm */ = {isa = PBXFileReference; fileEncoding = 4; lastKnownFileType = sourcecode.cpp.objcpp; path = POPAnimation.mm; sourceTree = "<group>"; };
		6CFBFF501F0B6C18004F5EEF /* POPAnimationEvent.h */ = {isa = PBXFileReference; fileEncoding = 4; lastKnownFileType = sourcecode.c.h; path = POPAnimationEvent.h; sourceTree = "<group>"; };
		6CFBFF511F0B6C18004F5EEF /* POPAnimationEvent.mm */ = {isa = PBXFileReference; fileEncoding = 4; lastKnownFileType = sourcecode.cpp.objcpp; path = POPAnimationEvent.mm; sourceTree = "<group>"; };
		6CFBFF521F0B6C18004F5EEF /* POPAnimationEventInternal.h */ = {isa = PBXFileReference; fileEncoding = 4; lastKnownFileType = sourcecode.c.h; path = POPAnimationEventInternal.h; sourceTree = "<group>"; };
		6CFBFF531F0B6C18004F5EEF /* POPAnimationExtras.h */ = {isa = PBXFileReference; fileEncoding = 4; lastKnownFileType = sourcecode.c.h; path = POPAnimationExtras.h; sourceTree = "<group>"; };
		6CFBFF541F0B6C18004F5EEF /* POPAnimationExtras.mm */ = {isa = PBXFileReference; fileEncoding = 4; lastKnownFileType = sourcecode.cpp.objcpp; path = POPAnimationExtras.mm; sourceTree = "<group>"; };
		6CFBFF551F0B6C18004F5EEF /* POPAnimationInternal.h */ = {isa = PBXFileReference; fileEncoding = 4; lastKnownFileType = sourcecode.c.h; path = POPAnimationInternal.h; sourceTree = "<group>"; };
		6CFBFF561F0B6C18004F5EEF /* POPAnimationPrivate.h */ = {isa = PBXFileReference; fileEncoding = 4; lastKnownFileType = sourcecode.c.h; path = POPAnimationPrivate.h; sourceTree = "<group>"; };
		6CFBFF571F0B6C18004F5EEF /* POPAnimationRuntime.h */ = {isa = PBXFileReference; fileEncoding = 4; lastKnownFileType = sourcecode.c.h; path = POPAnimationRuntime.h; sourceTree = "<group>"; };
		6CFBFF581F0B6C18004F5EEF /* POPAnimationRuntime.mm */ = {isa = PBXFileReference; fileEncoding = 4; lastKnownFileType = sourcecode.cpp.objcpp; path = POPAnimationRuntime.mm; sourceTree = "<group>"; };
		6CFBFF591F0B6C18004F5EEF /* POPAnimationTracer.h */ = {isa = PBXFileReference; fileEncoding = 4; lastKnownFileType = sourcecode.c.h; path = POPAnimationTracer.h; sourceTree = "<group>"; };
		6CFBFF5A1F0B6C18004F5EEF /* POPAnimationTracer.mm */ = {isa = PBXFileReference; fileEncoding = 4; lastKnownFileType = sourcecode.cpp.objcpp; path = POPAnimationTracer.mm; sourceTree = "<group>"; };
		6CFBFF5B1F0B6C18004F5EEF /* POPAnimationTracerInternal.h */ = {isa = PBXFileReference; fileEncoding = 4; lastKnownFileType = sourcecode.c.h; path = POPAnimationTracerInternal.h; sourceTree = "<group>"; };
		6CFBFF5C1F0B6C18004F5EEF /* POPAnimator.h */ = {isa = PBXFileReference; fileEncoding = 4; lastKnownFileType = sourcecode.c.h; path = POPAnimator.h; sourceTree = "<group>"; };
		6CFBFF5D1F0B6C18004F5EEF /* POPAnimator.mm */ = {isa = PBXFileReference; fileEncoding = 4; lastKnownFileType = sourcecode.cpp.objcpp; path = POPAnimator.mm; sourceTree = "<group>"; };
		6CFBFF5E1F0B6C18004F5EEF /* POPAnimatorPrivate.h */ = {isa = PBXFileReference; fileEncoding = 4; lastKnownFileType = sourcecode.c.h; path = POPAnimatorPrivate.h; sourceTree = "<group>"; };
		6CFBFF5F1F0B6C18004F5EEF /* POPBasicAnimation.h */ = {isa = PBXFileReference; fileEncoding = 4; lastKnownFileType = sourcecode.c.h; path = POPBasicAnimation.h; sourceTree = "<group>"; };
		6CFBFF601F0B6C18004F5EEF /* POPBasicAnimation.mm */ = {isa = PBXFileReference; fileEncoding = 4; lastKnownFileType = sourcecode.cpp.objcpp; path = POPBasicAnimation.mm; sourceTree = "<group>"; };
		6CFBFF611F0B6C18004F5EEF /* POPBasicAnimationInternal.h */ = {isa = PBXFileReference; fileEncoding = 4; lastKnownFileType = sourcecode.c.h; path = POPBasicAnimationInternal.h; sourceTree = "<group>"; };
		6CFBFF621F0B6C18004F5EEF /* POPCGUtils.h */ = {isa = PBXFileReference; fileEncoding = 4; lastKnownFileType = sourcecode.c.h; path = POPCGUtils.h; sourceTree = "<group>"; };
		6CFBFF631F0B6C18004F5EEF /* POPCGUtils.mm */ = {isa = PBXFileReference; fileEncoding = 4; lastKnownFileType = sourcecode.cpp.objcpp; path = POPCGUtils.mm; sourceTree = "<group>"; };
		6CFBFF641F0B6C18004F5EEF /* POPCustomAnimation.h */ = {isa = PBXFileReference; fileEncoding = 4; lastKnownFileType = sourcecode.c.h; path = POPCustomAnimation.h; sourceTree = "<group>"; };
		6CFBFF651F0B6C18004F5EEF /* POPCustomAnimation.mm */ = {isa = PBXFileReference; fileEncoding = 4; lastKnownFileType = sourcecode.cpp.objcpp; path = POPCustomAnimation.mm; sourceTree = "<group>"; };
		6CFBFF661F0B6C18004F5EEF /* POPDecayAnimation.h */ = {isa = PBXFileReference; fileEncoding = 4; lastKnownFileType = sourcecode.c.h; path = POPDecayAnimation.h; sourceTree = "<group>"; };
		6CFBFF671F0B6C18004F5EEF /* POPDecayAnimation.mm */ = {isa = PBXFileReference; fileEncoding = 4; lastKnownFileType = sourcecode.cpp.objcpp; path = POPDecayAnimation.mm; sourceTree = "<group>"; };
		6CFBFF681F0B6C18004F5EEF /* POPDecayAnimationInternal.h */ = {isa = PBXFileReference; fileEncoding = 4; lastKnownFileType = sourcecode.c.h; path = POPDecayAnimationInternal.h; sourceTree = "<group>"; };
		6CFBFF691F0B6C18004F5EEF /* POPDefines.h */ = {isa = PBXFileReference; fileEncoding = 4; lastKnownFileType = sourcecode.c.h; path = POPDefines.h; sourceTree = "<group>"; };
		6CFBFF6A1F0B6C18004F5EEF /* POPGeometry.h */ = {isa = PBXFileReference; fileEncoding = 4; lastKnownFileType = sourcecode.c.h; path = POPGeometry.h; sourceTree = "<group>"; };
		6CFBFF6B1F0B6C18004F5EEF /* POPGeometry.mm */ = {isa = PBXFileReference; fileEncoding = 4; lastKnownFileType = sourcecode.cpp.objcpp; path = POPGeometry.mm; sourceTree = "<group>"; };
		6CFBFF6C1F0B6C18004F5EEF /* POPLayerExtras.h */ = {isa = PBXFileReference; fileEncoding = 4; lastKnownFileType = sourcecode.c.h; path = POPLayerExtras.h; sourceTree = "<group>"; };
		6CFBFF6D1F0B6C18004F5EEF /* POPLayerExtras.mm */ = {isa = PBXFileReference; fileEncoding = 4; lastKnownFileType = sourcecode.cpp.objcpp; path = POPLayerExtras.mm; sourceTree = "<group>"; };
		6CFBFF6E1F0B6C18004F5EEF /* POPMath.h */ = {isa = PBXFileReference; fileEncoding = 4; lastKnownFileType = sourcecode.c.h; path = POPMath.h; sourceTree = "<group>"; };
		6CFBFF6F1F0B6C18004F5EEF /* POPMath.mm */ = {isa = PBXFileReference; fileEncoding = 4; lastKnownFileType = sourcecode.cpp.objcpp; path = POPMath.mm; sourceTree = "<group>"; };
		6CFBFF701F0B6C18004F5EEF /* POPPropertyAnimation.h */ = {isa = PBXFileReference; fileEncoding = 4; lastKnownFileType = sourcecode.c.h; path = POPPropertyAnimation.h; sourceTree = "<group>"; };
		6CFBFF711F0B6C18004F5EEF /* POPPropertyAnimation.mm */ = {isa = PBXFileReference; fileEncoding = 4; lastKnownFileType = sourcecode.cpp.objcpp; path = POPPropertyAnimation.mm; sourceTree = "<group>"; };
		6CFBFF721F0B6C18004F5EEF /* POPPropertyAnimationInternal.h */ = {isa = PBXFileReference; fileEncoding = 4; lastKnownFileType = sourcecode.c.h; path = POPPropertyAnimationInternal.h; sourceTree = "<group>"; };
		6CFBFF731F0B6C18004F5EEF /* POPSpringAnimation.h */ = {isa = PBXFileReference; fileEncoding = 4; lastKnownFileType = sourcecode.c.h; path = POPSpringAnimation.h; sourceTree = "<group>"; };
		6CFBFF741F0B6C18004F5EEF /* POPSpringAnimation.mm */ = {isa = PBXFileReference; fileEncoding = 4; lastKnownFileType = sourcecode.cpp.objcpp; path = POPSpringAnimation.mm; sourceTree = "<group>"; };
		6CFBFF751F0B6C18004F5EEF /* POPSpringAnimationInternal.h */ = {isa = PBXFileReference; fileEncoding = 4; lastKnownFileType = sourcecode.c.h; path = POPSpringAnimationInternal.h; sourceTree = "<group>"; };
		6CFBFF761F0B6C18004F5EEF /* POPSpringSolver.h */ = {isa = PBXFileReference; fileEncoding = 4; lastKnownFileType = sourcecode.c.h; path = POPSpringSolver.h; sourceTree = "<group>"; };
		6CFBFF771F0B6C18004F5EEF /* POPVector.h */ = {isa = PBXFileReference; fileEncoding = 4; lastKnownFileType = sourcecode.c.h; path = POPVector.h; sourceTree = "<group>"; };
		6CFBFF781F0B6C18004F5EEF /* POPVector.mm */ = {isa = PBXFileReference; fileEncoding = 4; lastKnownFileType = sourcecode.cpp.objcpp; path = POPVector.mm; sourceTree = "<group>"; };
		6CFBFF7A1F0B6C18004F5EEF /* FloatConversion.h */ = {isa = PBXFileReference; fileEncoding = 4; lastKnownFileType = sourcecode.c.h; path = FloatConversion.h; sourceTree = "<group>"; };
		6CFBFF7B1F0B6C18004F5EEF /* TransformationMatrix.cpp */ = {isa = PBXFileReference; fileEncoding = 4; lastKnownFileType = sourcecode.cpp.cpp; path = TransformationMatrix.cpp; sourceTree = "<group>"; };
		6CFBFF7C1F0B6C18004F5EEF /* TransformationMatrix.h */ = {isa = PBXFileReference; fileEncoding = 4; lastKnownFileType = sourcecode.c.h; path = TransformationMatrix.h; sourceTree = "<group>"; };
		6CFBFF7D1F0B6C18004F5EEF /* UnitBezier.h */ = {isa = PBXFileReference; fileEncoding = 4; lastKnownFileType = sourcecode.c.h; path = UnitBezier.h; sourceTree = "<group>"; };
		6CFBFF901F0BB2D8004F5EEF /* HYQiHei-25JF.otf */ = {isa = PBXFileReference; lastKnownFileType = file; path = "HYQiHei-25JF.otf"; sourceTree = "<group>"; };
		6CFBFF931F0BED5E004F5EEF /* JTPopNumberViewController.h */ = {isa = PBXFileReference; fileEncoding = 4; lastKnownFileType = sourcecode.c.h; path = JTPopNumberViewController.h; sourceTree = "<group>"; };
		6CFBFF941F0BED5E004F5EEF /* JTPopNumberViewController.m */ = {isa = PBXFileReference; fileEncoding = 4; lastKnownFileType = sourcecode.c.objc; path = JTPopNumberViewController.m; sourceTree = "<group>"; };
/* End PBXFileReference section */

/* Begin PBXFrameworksBuildPhase section */
		6CFBFEB71F07E208004F5EEF /* Frameworks */ = {
			isa = PBXFrameworksBuildPhase;
			buildActionMask = 2147483647;
			files = (
			);
			runOnlyForDeploymentPostprocessing = 0;
		};
		6CFBFED01F07E208004F5EEF /* Frameworks */ = {
			isa = PBXFrameworksBuildPhase;
			buildActionMask = 2147483647;
			files = (
			);
			runOnlyForDeploymentPostprocessing = 0;
		};
		6CFBFEDB1F07E208004F5EEF /* Frameworks */ = {
			isa = PBXFrameworksBuildPhase;
			buildActionMask = 2147483647;
			files = (
			);
			runOnlyForDeploymentPostprocessing = 0;
		};
/* End PBXFrameworksBuildPhase section */

/* Begin PBXGroup section */
		6CE6EECD1F34876C006065D7 /* PwdStrengthIndicator */ = {
			isa = PBXGroup;
			children = (
				6CE6EECE1F3487F6006065D7 /* JTPwdStrengthIndicatorViewController.h */,
				6CE6EECF1F3487F6006065D7 /* JTPwdStrengthIndicatorViewController.m */,
				6CE6EED11F348B23006065D7 /* JTPwdStrengthIndicatorView.h */,
				6CE6EED21F348B23006065D7 /* JTPwdStrengthIndicatorView.m */,
			);
			path = PwdStrengthIndicator;
			sourceTree = "<group>";
		};
		6CE6EED41F34971C006065D7 /* Decay */ = {
			isa = PBXGroup;
			children = (
				6CE6EED51F34975B006065D7 /* JTDecayViewController.h */,
				6CE6EED61F34975B006065D7 /* JTDecayViewController.m */,
			);
			path = Decay;
			sourceTree = "<group>";
		};
		6CFBFEB11F07E208004F5EEF = {
			isa = PBXGroup;
			children = (
				6CFBFEBC1F07E208004F5EEF /* JTAnimations */,
				6CFBFED61F07E208004F5EEF /* JTAnimationsTests */,
				6CFBFEE11F07E208004F5EEF /* JTAnimationsUITests */,
				6CFBFEBB1F07E208004F5EEF /* Products */,
			);
			sourceTree = "<group>";
		};
		6CFBFEBB1F07E208004F5EEF /* Products */ = {
			isa = PBXGroup;
			children = (
				6CFBFEBA1F07E208004F5EEF /* JTAnimations.app */,
				6CFBFED31F07E208004F5EEF /* JTAnimationsTests.xctest */,
				6CFBFEDE1F07E208004F5EEF /* JTAnimationsUITests.xctest */,
			);
			name = Products;
			sourceTree = "<group>";
		};
		6CFBFEBC1F07E208004F5EEF /* JTAnimations */ = {
			isa = PBXGroup;
			children = (
				6CFBFEF01F07E923004F5EEF /* Classes */,
				6CFBFEC91F07E208004F5EEF /* Assets.xcassets */,
				6CFBFEBD1F07E208004F5EEF /* Supporting Files */,
			);
			path = JTAnimations;
			sourceTree = "<group>";
		};
		6CFBFEBD1F07E208004F5EEF /* Supporting Files */ = {
			isa = PBXGroup;
			children = (
				6CFBFECE1F07E208004F5EEF /* Info.plist */,
				6CFBFF901F0BB2D8004F5EEF /* HYQiHei-25JF.otf */,
			);
			name = "Supporting Files";
			sourceTree = "<group>";
		};
		6CFBFED61F07E208004F5EEF /* JTAnimationsTests */ = {
			isa = PBXGroup;
			children = (
				6CFBFED71F07E208004F5EEF /* JTAnimationsTests.m */,
				6CFBFED91F07E208004F5EEF /* Info.plist */,
			);
			path = JTAnimationsTests;
			sourceTree = "<group>";
		};
		6CFBFEE11F07E208004F5EEF /* JTAnimationsUITests */ = {
			isa = PBXGroup;
			children = (
				6CFBFEE21F07E208004F5EEF /* JTAnimationsUITests.m */,
				6CFBFEE41F07E208004F5EEF /* Info.plist */,
			);
			path = JTAnimationsUITests;
			sourceTree = "<group>";
		};
		6CFBFEF01F07E923004F5EEF /* Classes */ = {
			isa = PBXGroup;
			children = (
				6CFBFF161F08C045004F5EEF /* AnimationControllers */,
				6CFBFF0B1F08BCB4004F5EEF /* Home */,
				6CFBFEF11F07E923004F5EEF /* Main */,
			);
			path = Classes;
			sourceTree = "<group>";
		};
		6CFBFEF11F07E923004F5EEF /* Main */ = {
			isa = PBXGroup;
			children = (
				6CFBFF421F0A6782004F5EEF /* View */,
				6CFBFF291F09D9D6004F5EEF /* Lib */,
				6CFBFF211F08CB38004F5EEF /* Category */,
				6CFBFF071F0886A6004F5EEF /* Tool */,
				6CFBFEF81F07E942004F5EEF /* Controller */,
				6CFBFEF21F07E923004F5EEF /* Other */,
			);
			path = Main;
			sourceTree = "<group>";
		};
		6CFBFEF21F07E923004F5EEF /* Other */ = {
			isa = PBXGroup;
			children = (
				6CFBFEF31F07E923004F5EEF /* AppDelegate.h */,
				6CFBFEF41F07E923004F5EEF /* AppDelegate.m */,
				6CFBFEF51F07E923004F5EEF /* main.m */,
				6CFBFEFF1F07EDD8004F5EEF /* JTConst.h */,
				6CFBFF001F07EDD8004F5EEF /* JTConst.m */,
			);
			path = Other;
			sourceTree = "<group>";
		};
		6CFBFEF81F07E942004F5EEF /* Controller */ = {
			isa = PBXGroup;
			children = (
				6CFBFEF91F07E96D004F5EEF /* JTNavigationController.h */,
				6CFBFEFA1F07E96D004F5EEF /* JTNavigationController.m */,
				6CFBFF3C1F0A5903004F5EEF /* JTBaseViewController.h */,
				6CFBFF3D1F0A5903004F5EEF /* JTBaseViewController.m */,
			);
			path = Controller;
			sourceTree = "<group>";
		};
		6CFBFF071F0886A6004F5EEF /* Tool */ = {
			isa = PBXGroup;
			children = (
				6CFBFF081F0886D2004F5EEF /* JTAppServiceTool.h */,
				6CFBFF091F0886D2004F5EEF /* JTAppServiceTool.m */,
			);
			path = Tool;
			sourceTree = "<group>";
		};
		6CFBFF0B1F08BCB4004F5EEF /* Home */ = {
			isa = PBXGroup;
			children = (
				6CFBFF0F1F08BCF4004F5EEF /* Controller */,
				6CFBFF0D1F08BCB4004F5EEF /* Model */,
				6CFBFF0E1F08BCB4004F5EEF /* View */,
			);
			path = Home;
			sourceTree = "<group>";
		};
		6CFBFF0D1F08BCB4004F5EEF /* Model */ = {
			isa = PBXGroup;
			children = (
				6CFBFF131F08BD0E004F5EEF /* JTHomeItem.h */,
				6CFBFF141F08BD0E004F5EEF /* JTHomeItem.m */,
			);
			path = Model;
			sourceTree = "<group>";
		};
		6CFBFF0E1F08BCB4004F5EEF /* View */ = {
			isa = PBXGroup;
			children = (
			);
			path = View;
			sourceTree = "<group>";
		};
		6CFBFF0F1F08BCF4004F5EEF /* Controller */ = {
			isa = PBXGroup;
			children = (
				6CFBFF101F08BCF4004F5EEF /* JTHomeController.h */,
				6CFBFF111F08BCF4004F5EEF /* JTHomeController.m */,
			);
			path = Controller;
			sourceTree = "<group>";
		};
		6CFBFF161F08C045004F5EEF /* AnimationControllers */ = {
			isa = PBXGroup;
			children = (
				6CE6EED41F34971C006065D7 /* Decay */,
				6CE6EECD1F34876C006065D7 /* PwdStrengthIndicator */,
				6CFBFF921F0BED5E004F5EEF /* PopNumber */,
				6CFBFF381F0A3402004F5EEF /* Shimmer */,
				6CFBFF251F08EC85004F5EEF /* Snow */,
			);
			path = AnimationControllers;
			sourceTree = "<group>";
		};
		6CFBFF211F08CB38004F5EEF /* Category */ = {
			isa = PBXGroup;
			children = (
				6CFBFF321F09DEE0004F5EEF /* UIView+Frame.h */,
				6CFBFF331F09DEE0004F5EEF /* UIView+Frame.m */,
				6CFBFF221F08CB42004F5EEF /* UIBarButtonItem+Extension.h */,
				6CFBFF231F08CB42004F5EEF /* UIBarButtonItem+Extension.m */,
			);
			path = Category;
			sourceTree = "<group>";
		};
		6CFBFF251F08EC85004F5EEF /* Snow */ = {
			isa = PBXGroup;
			children = (
				6CFBFF261F08EC97004F5EEF /* JTSnowViewController.h */,
				6CFBFF271F08EC97004F5EEF /* JTSnowViewController.m */,
			);
			path = Snow;
			sourceTree = "<group>";
		};
		6CFBFF291F09D9D6004F5EEF /* Lib */ = {
			isa = PBXGroup;
			children = (
				6CFBFF491F0B6C18004F5EEF /* pop */,
				6CFBFF2A1F09D9FB004F5EEF /* FBShimmering */,
			);
			path = Lib;
			sourceTree = "<group>";
		};
		6CFBFF2A1F09D9FB004F5EEF /* FBShimmering */ = {
			isa = PBXGroup;
			children = (
				6CFBFF2B1F09D9FB004F5EEF /* FBShimmering.h */,
				6CFBFF2C1F09D9FB004F5EEF /* FBShimmeringLayer.h */,
				6CFBFF2D1F09D9FB004F5EEF /* FBShimmeringLayer.m */,
				6CFBFF2E1F09D9FB004F5EEF /* FBShimmeringView.h */,
				6CFBFF2F1F09D9FB004F5EEF /* FBShimmeringView.m */,
			);
			path = FBShimmering;
			sourceTree = "<group>";
		};
		6CFBFF381F0A3402004F5EEF /* Shimmer */ = {
			isa = PBXGroup;
			children = (
				6CFBFF391F0A3402004F5EEF /* JTShimmerViewController.h */,
				6CFBFF3A1F0A3402004F5EEF /* JTShimmerViewController.m */,
			);
			path = Shimmer;
			sourceTree = "<group>";
		};
		6CFBFF421F0A6782004F5EEF /* View */ = {
			isa = PBXGroup;
			children = (
				6CFBFF431F0A6798004F5EEF /* JTNavView.h */,
				6CFBFF441F0A6798004F5EEF /* JTNavView.m */,
			);
			path = View;
			sourceTree = "<group>";
		};
		6CFBFF491F0B6C18004F5EEF /* pop */ = {
			isa = PBXGroup;
			children = (
				6CFBFF4A1F0B6C18004F5EEF /* POP.h */,
				6CFBFF4B1F0B6C18004F5EEF /* POPAction.h */,
				6CFBFF4C1F0B6C18004F5EEF /* POPAnimatableProperty.h */,
				6CFBFF4D1F0B6C18004F5EEF /* POPAnimatableProperty.mm */,
				6CFBFF4E1F0B6C18004F5EEF /* POPAnimation.h */,
				6CFBFF4F1F0B6C18004F5EEF /* POPAnimation.mm */,
				6CFBFF501F0B6C18004F5EEF /* POPAnimationEvent.h */,
				6CFBFF511F0B6C18004F5EEF /* POPAnimationEvent.mm */,
				6CFBFF521F0B6C18004F5EEF /* POPAnimationEventInternal.h */,
				6CFBFF531F0B6C18004F5EEF /* POPAnimationExtras.h */,
				6CFBFF541F0B6C18004F5EEF /* POPAnimationExtras.mm */,
				6CFBFF551F0B6C18004F5EEF /* POPAnimationInternal.h */,
				6CFBFF561F0B6C18004F5EEF /* POPAnimationPrivate.h */,
				6CFBFF571F0B6C18004F5EEF /* POPAnimationRuntime.h */,
				6CFBFF581F0B6C18004F5EEF /* POPAnimationRuntime.mm */,
				6CFBFF591F0B6C18004F5EEF /* POPAnimationTracer.h */,
				6CFBFF5A1F0B6C18004F5EEF /* POPAnimationTracer.mm */,
				6CFBFF5B1F0B6C18004F5EEF /* POPAnimationTracerInternal.h */,
				6CFBFF5C1F0B6C18004F5EEF /* POPAnimator.h */,
				6CFBFF5D1F0B6C18004F5EEF /* POPAnimator.mm */,
				6CFBFF5E1F0B6C18004F5EEF /* POPAnimatorPrivate.h */,
				6CFBFF5F1F0B6C18004F5EEF /* POPBasicAnimation.h */,
				6CFBFF601F0B6C18004F5EEF /* POPBasicAnimation.mm */,
				6CFBFF611F0B6C18004F5EEF /* POPBasicAnimationInternal.h */,
				6CFBFF621F0B6C18004F5EEF /* POPCGUtils.h */,
				6CFBFF631F0B6C18004F5EEF /* POPCGUtils.mm */,
				6CFBFF641F0B6C18004F5EEF /* POPCustomAnimation.h */,
				6CFBFF651F0B6C18004F5EEF /* POPCustomAnimation.mm */,
				6CFBFF661F0B6C18004F5EEF /* POPDecayAnimation.h */,
				6CFBFF671F0B6C18004F5EEF /* POPDecayAnimation.mm */,
				6CFBFF681F0B6C18004F5EEF /* POPDecayAnimationInternal.h */,
				6CFBFF691F0B6C18004F5EEF /* POPDefines.h */,
				6CFBFF6A1F0B6C18004F5EEF /* POPGeometry.h */,
				6CFBFF6B1F0B6C18004F5EEF /* POPGeometry.mm */,
				6CFBFF6C1F0B6C18004F5EEF /* POPLayerExtras.h */,
				6CFBFF6D1F0B6C18004F5EEF /* POPLayerExtras.mm */,
				6CFBFF6E1F0B6C18004F5EEF /* POPMath.h */,
				6CFBFF6F1F0B6C18004F5EEF /* POPMath.mm */,
				6CFBFF701F0B6C18004F5EEF /* POPPropertyAnimation.h */,
				6CFBFF711F0B6C18004F5EEF /* POPPropertyAnimation.mm */,
				6CFBFF721F0B6C18004F5EEF /* POPPropertyAnimationInternal.h */,
				6CFBFF731F0B6C18004F5EEF /* POPSpringAnimation.h */,
				6CFBFF741F0B6C18004F5EEF /* POPSpringAnimation.mm */,
				6CFBFF751F0B6C18004F5EEF /* POPSpringAnimationInternal.h */,
				6CFBFF761F0B6C18004F5EEF /* POPSpringSolver.h */,
				6CFBFF771F0B6C18004F5EEF /* POPVector.h */,
				6CFBFF781F0B6C18004F5EEF /* POPVector.mm */,
				6CFBFF791F0B6C18004F5EEF /* WebCore */,
			);
			path = pop;
			sourceTree = "<group>";
		};
		6CFBFF791F0B6C18004F5EEF /* WebCore */ = {
			isa = PBXGroup;
			children = (
				6CFBFF7A1F0B6C18004F5EEF /* FloatConversion.h */,
				6CFBFF7B1F0B6C18004F5EEF /* TransformationMatrix.cpp */,
				6CFBFF7C1F0B6C18004F5EEF /* TransformationMatrix.h */,
				6CFBFF7D1F0B6C18004F5EEF /* UnitBezier.h */,
			);
			path = WebCore;
			sourceTree = "<group>";
		};
		6CFBFF921F0BED5E004F5EEF /* PopNumber */ = {
			isa = PBXGroup;
			children = (
				6CFBFF931F0BED5E004F5EEF /* JTPopNumberViewController.h */,
				6CFBFF941F0BED5E004F5EEF /* JTPopNumberViewController.m */,
			);
			path = PopNumber;
			sourceTree = "<group>";
		};
/* End PBXGroup section */

/* Begin PBXNativeTarget section */
		6CFBFEB91F07E208004F5EEF /* JTAnimations */ = {
			isa = PBXNativeTarget;
			buildConfigurationList = 6CFBFEE71F07E208004F5EEF /* Build configuration list for PBXNativeTarget "JTAnimations" */;
			buildPhases = (
				6CFBFEB61F07E208004F5EEF /* Sources */,
				6CFBFEB71F07E208004F5EEF /* Frameworks */,
				6CFBFEB81F07E208004F5EEF /* Resources */,
			);
			buildRules = (
			);
			dependencies = (
			);
			name = JTAnimations;
			productName = JTAnimations;
			productReference = 6CFBFEBA1F07E208004F5EEF /* JTAnimations.app */;
			productType = "com.apple.product-type.application";
		};
		6CFBFED21F07E208004F5EEF /* JTAnimationsTests */ = {
			isa = PBXNativeTarget;
			buildConfigurationList = 6CFBFEEA1F07E208004F5EEF /* Build configuration list for PBXNativeTarget "JTAnimationsTests" */;
			buildPhases = (
				6CFBFECF1F07E208004F5EEF /* Sources */,
				6CFBFED01F07E208004F5EEF /* Frameworks */,
				6CFBFED11F07E208004F5EEF /* Resources */,
			);
			buildRules = (
			);
			dependencies = (
				6CFBFED51F07E208004F5EEF /* PBXTargetDependency */,
			);
			name = JTAnimationsTests;
			productName = JTAnimationsTests;
			productReference = 6CFBFED31F07E208004F5EEF /* JTAnimationsTests.xctest */;
			productType = "com.apple.product-type.bundle.unit-test";
		};
		6CFBFEDD1F07E208004F5EEF /* JTAnimationsUITests */ = {
			isa = PBXNativeTarget;
			buildConfigurationList = 6CFBFEED1F07E208004F5EEF /* Build configuration list for PBXNativeTarget "JTAnimationsUITests" */;
			buildPhases = (
				6CFBFEDA1F07E208004F5EEF /* Sources */,
				6CFBFEDB1F07E208004F5EEF /* Frameworks */,
				6CFBFEDC1F07E208004F5EEF /* Resources */,
			);
			buildRules = (
			);
			dependencies = (
				6CFBFEE01F07E208004F5EEF /* PBXTargetDependency */,
			);
			name = JTAnimationsUITests;
			productName = JTAnimationsUITests;
			productReference = 6CFBFEDE1F07E208004F5EEF /* JTAnimationsUITests.xctest */;
			productType = "com.apple.product-type.bundle.ui-testing";
		};
/* End PBXNativeTarget section */

/* Begin PBXProject section */
		6CFBFEB21F07E208004F5EEF /* Project object */ = {
			isa = PBXProject;
			attributes = {
				CLASSPREFIX = JT;
				LastUpgradeCheck = 0700;
				ORGANIZATIONNAME = BJT;
				TargetAttributes = {
					6CFBFEB91F07E208004F5EEF = {
						CreatedOnToolsVersion = 7.0;
					};
					6CFBFED21F07E208004F5EEF = {
						CreatedOnToolsVersion = 7.0;
						TestTargetID = 6CFBFEB91F07E208004F5EEF;
					};
					6CFBFEDD1F07E208004F5EEF = {
						CreatedOnToolsVersion = 7.0;
						TestTargetID = 6CFBFEB91F07E208004F5EEF;
					};
				};
			};
			buildConfigurationList = 6CFBFEB51F07E208004F5EEF /* Build configuration list for PBXProject "JTAnimations" */;
			compatibilityVersion = "Xcode 3.2";
			developmentRegion = English;
			hasScannedForEncodings = 0;
			knownRegions = (
				en,
				Base,
			);
			mainGroup = 6CFBFEB11F07E208004F5EEF;
			productRefGroup = 6CFBFEBB1F07E208004F5EEF /* Products */;
			projectDirPath = "";
			projectRoot = "";
			targets = (
				6CFBFEB91F07E208004F5EEF /* JTAnimations */,
				6CFBFED21F07E208004F5EEF /* JTAnimationsTests */,
				6CFBFEDD1F07E208004F5EEF /* JTAnimationsUITests */,
			);
		};
/* End PBXProject section */

/* Begin PBXResourcesBuildPhase section */
		6CFBFEB81F07E208004F5EEF /* Resources */ = {
			isa = PBXResourcesBuildPhase;
			buildActionMask = 2147483647;
			files = (
				6CFBFF911F0BB2D8004F5EEF /* HYQiHei-25JF.otf in Resources */,
				6CFBFECA1F07E208004F5EEF /* Assets.xcassets in Resources */,
			);
			runOnlyForDeploymentPostprocessing = 0;
		};
		6CFBFED11F07E208004F5EEF /* Resources */ = {
			isa = PBXResourcesBuildPhase;
			buildActionMask = 2147483647;
			files = (
			);
			runOnlyForDeploymentPostprocessing = 0;
		};
		6CFBFEDC1F07E208004F5EEF /* Resources */ = {
			isa = PBXResourcesBuildPhase;
			buildActionMask = 2147483647;
			files = (
			);
			runOnlyForDeploymentPostprocessing = 0;
		};
/* End PBXResourcesBuildPhase section */

/* Begin PBXSourcesBuildPhase section */
		6CFBFEB61F07E208004F5EEF /* Sources */ = {
			isa = PBXSourcesBuildPhase;
			buildActionMask = 2147483647;
			files = (
				6CFBFF341F09DEE0004F5EEF /* UIView+Frame.m in Sources */,
				6CFBFF8F1F0B6C18004F5EEF /* TransformationMatrix.cpp in Sources */,
				6CFBFEF71F07E923004F5EEF /* main.m in Sources */,
				6CFBFF3B1F0A3402004F5EEF /* JTShimmerViewController.m in Sources */,
				6CFBFF8A1F0B6C18004F5EEF /* POPLayerExtras.mm in Sources */,
				6CFBFF311F09D9FB004F5EEF /* FBShimmeringView.m in Sources */,
				6CFBFEFB1F07E96D004F5EEF /* JTNavigationController.m in Sources */,
				6CFBFF851F0B6C18004F5EEF /* POPBasicAnimation.mm in Sources */,
				6CFBFF801F0B6C18004F5EEF /* POPAnimationEvent.mm in Sources */,
				6CFBFF841F0B6C18004F5EEF /* POPAnimator.mm in Sources */,
				6CFBFF301F09D9FB004F5EEF /* FBShimmeringLayer.m in Sources */,
				6CE6EED71F34975B006065D7 /* JTDecayViewController.m in Sources */,
				6CFBFF7F1F0B6C18004F5EEF /* POPAnimation.mm in Sources */,
				6CFBFF861F0B6C18004F5EEF /* POPCGUtils.mm in Sources */,
				6CFBFF281F08EC97004F5EEF /* JTSnowViewController.m in Sources */,
				6CFBFF121F08BCF4004F5EEF /* JTHomeController.m in Sources */,
				6CFBFF951F0BED5E004F5EEF /* JTPopNumberViewController.m in Sources */,
				6CFBFF8E1F0B6C18004F5EEF /* POPVector.mm in Sources */,
				6CFBFEF61F07E923004F5EEF /* AppDelegate.m in Sources */,
				6CFBFF811F0B6C18004F5EEF /* POPAnimationExtras.mm in Sources */,
				6CFBFF8C1F0B6C18004F5EEF /* POPPropertyAnimation.mm in Sources */,
				6CFBFF011F07EDD8004F5EEF /* JTConst.m in Sources */,
				6CFBFF0A1F0886D2004F5EEF /* JTAppServiceTool.m in Sources */,
				6CFBFF891F0B6C18004F5EEF /* POPGeometry.mm in Sources */,
				6CE6EED31F348B23006065D7 /* JTPwdStrengthIndicatorView.m in Sources */,
				6CFBFF831F0B6C18004F5EEF /* POPAnimationTracer.mm in Sources */,
				6CFBFF821F0B6C18004F5EEF /* POPAnimationRuntime.mm in Sources */,
				6CE6EED01F3487F6006065D7 /* JTPwdStrengthIndicatorViewController.m in Sources */,
				6CFBFF3E1F0A5903004F5EEF /* JTBaseViewController.m in Sources */,
				6CFBFF881F0B6C18004F5EEF /* POPDecayAnimation.mm in Sources */,
				6CFBFF241F08CB42004F5EEF /* UIBarButtonItem+Extension.m in Sources */,
				6CFBFF8B1F0B6C18004F5EEF /* POPMath.mm in Sources */,
				6CFBFF451F0A6798004F5EEF /* JTNavView.m in Sources */,
				6CFBFF151F08BD0E004F5EEF /* JTHomeItem.m in Sources */,
				6CFBFF7E1F0B6C18004F5EEF /* POPAnimatableProperty.mm in Sources */,
				6CFBFF871F0B6C18004F5EEF /* POPCustomAnimation.mm in Sources */,
				6CFBFF8D1F0B6C18004F5EEF /* POPSpringAnimation.mm in Sources */,
			);
			runOnlyForDeploymentPostprocessing = 0;
		};
		6CFBFECF1F07E208004F5EEF /* Sources */ = {
			isa = PBXSourcesBuildPhase;
			buildActionMask = 2147483647;
			files = (
				6CFBFED81F07E208004F5EEF /* JTAnimationsTests.m in Sources */,
			);
			runOnlyForDeploymentPostprocessing = 0;
		};
		6CFBFEDA1F07E208004F5EEF /* Sources */ = {
			isa = PBXSourcesBuildPhase;
			buildActionMask = 2147483647;
			files = (
				6CFBFEE31F07E208004F5EEF /* JTAnimationsUITests.m in Sources */,
			);
			runOnlyForDeploymentPostprocessing = 0;
		};
/* End PBXSourcesBuildPhase section */

/* Begin PBXTargetDependency section */
		6CFBFED51F07E208004F5EEF /* PBXTargetDependency */ = {
			isa = PBXTargetDependency;
			target = 6CFBFEB91F07E208004F5EEF /* JTAnimations */;
			targetProxy = 6CFBFED41F07E208004F5EEF /* PBXContainerItemProxy */;
		};
		6CFBFEE01F07E208004F5EEF /* PBXTargetDependency */ = {
			isa = PBXTargetDependency;
			target = 6CFBFEB91F07E208004F5EEF /* JTAnimations */;
			targetProxy = 6CFBFEDF1F07E208004F5EEF /* PBXContainerItemProxy */;
		};
/* End PBXTargetDependency section */

/* Begin XCBuildConfiguration section */
		6CFBFEE51F07E208004F5EEF /* Debug */ = {
			isa = XCBuildConfiguration;
			buildSettings = {
				ALWAYS_SEARCH_USER_PATHS = NO;
				CLANG_CXX_LANGUAGE_STANDARD = "gnu++0x";
				CLANG_CXX_LIBRARY = "libc++";
				CLANG_ENABLE_MODULES = YES;
				CLANG_ENABLE_OBJC_ARC = YES;
				CLANG_WARN_BOOL_CONVERSION = YES;
				CLANG_WARN_CONSTANT_CONVERSION = YES;
				CLANG_WARN_DIRECT_OBJC_ISA_USAGE = YES_ERROR;
				CLANG_WARN_EMPTY_BODY = YES;
				CLANG_WARN_ENUM_CONVERSION = YES;
				CLANG_WARN_INT_CONVERSION = YES;
				CLANG_WARN_OBJC_ROOT_CLASS = YES_ERROR;
				CLANG_WARN_UNREACHABLE_CODE = YES;
				CLANG_WARN__DUPLICATE_METHOD_MATCH = YES;
				"CODE_SIGN_IDENTITY[sdk=iphoneos*]" = "iPhone Developer";
				COPY_PHASE_STRIP = NO;
				DEBUG_INFORMATION_FORMAT = dwarf;
				ENABLE_STRICT_OBJC_MSGSEND = YES;
				ENABLE_TESTABILITY = YES;
				GCC_C_LANGUAGE_STANDARD = gnu99;
				GCC_DYNAMIC_NO_PIC = NO;
				GCC_NO_COMMON_BLOCKS = YES;
				GCC_OPTIMIZATION_LEVEL = 0;
				GCC_PREPROCESSOR_DEFINITIONS = (
					"DEBUG=1",
					"$(inherited)",
				);
				GCC_WARN_64_TO_32_BIT_CONVERSION = YES;
				GCC_WARN_ABOUT_RETURN_TYPE = YES_ERROR;
				GCC_WARN_UNDECLARED_SELECTOR = YES;
				GCC_WARN_UNINITIALIZED_AUTOS = YES_AGGRESSIVE;
				GCC_WARN_UNUSED_FUNCTION = YES;
				GCC_WARN_UNUSED_VARIABLE = YES;
				IPHONEOS_DEPLOYMENT_TARGET = 9.0;
				MTL_ENABLE_DEBUG_INFO = YES;
				ONLY_ACTIVE_ARCH = YES;
				SDKROOT = iphoneos;
			};
			name = Debug;
		};
		6CFBFEE61F07E208004F5EEF /* Release */ = {
			isa = XCBuildConfiguration;
			buildSettings = {
				ALWAYS_SEARCH_USER_PATHS = NO;
				CLANG_CXX_LANGUAGE_STANDARD = "gnu++0x";
				CLANG_CXX_LIBRARY = "libc++";
				CLANG_ENABLE_MODULES = YES;
				CLANG_ENABLE_OBJC_ARC = YES;
				CLANG_WARN_BOOL_CONVERSION = YES;
				CLANG_WARN_CONSTANT_CONVERSION = YES;
				CLANG_WARN_DIRECT_OBJC_ISA_USAGE = YES_ERROR;
				CLANG_WARN_EMPTY_BODY = YES;
				CLANG_WARN_ENUM_CONVERSION = YES;
				CLANG_WARN_INT_CONVERSION = YES;
				CLANG_WARN_OBJC_ROOT_CLASS = YES_ERROR;
				CLANG_WARN_UNREACHABLE_CODE = YES;
				CLANG_WARN__DUPLICATE_METHOD_MATCH = YES;
				"CODE_SIGN_IDENTITY[sdk=iphoneos*]" = "iPhone Developer";
				COPY_PHASE_STRIP = NO;
				DEBUG_INFORMATION_FORMAT = "dwarf-with-dsym";
				ENABLE_NS_ASSERTIONS = NO;
				ENABLE_STRICT_OBJC_MSGSEND = YES;
				GCC_C_LANGUAGE_STANDARD = gnu99;
				GCC_NO_COMMON_BLOCKS = YES;
				GCC_WARN_64_TO_32_BIT_CONVERSION = YES;
				GCC_WARN_ABOUT_RETURN_TYPE = YES_ERROR;
				GCC_WARN_UNDECLARED_SELECTOR = YES;
				GCC_WARN_UNINITIALIZED_AUTOS = YES_AGGRESSIVE;
				GCC_WARN_UNUSED_FUNCTION = YES;
				GCC_WARN_UNUSED_VARIABLE = YES;
				IPHONEOS_DEPLOYMENT_TARGET = 9.0;
				MTL_ENABLE_DEBUG_INFO = NO;
				SDKROOT = iphoneos;
				VALIDATE_PRODUCT = YES;
			};
			name = Release;
		};
		6CFBFEE81F07E208004F5EEF /* Debug */ = {
			isa = XCBuildConfiguration;
			buildSettings = {
				ASSETCATALOG_COMPILER_APPICON_NAME = AppIcon;
				ASSETCATALOG_COMPILER_LAUNCHIMAGE_NAME = BrandAsset;
				INFOPLIST_FILE = JTAnimations/Info.plist;
				IPHONEOS_DEPLOYMENT_TARGET = 8.1;
				LD_RUNPATH_SEARCH_PATHS = "$(inherited) @executable_path/Frameworks";
				PRODUCT_BUNDLE_IDENTIFIER = com.BJT.JTAnimations;
				PRODUCT_NAME = "$(TARGET_NAME)";
			};
			name = Debug;
		};
		6CFBFEE91F07E208004F5EEF /* Release */ = {
			isa = XCBuildConfiguration;
			buildSettings = {
				ASSETCATALOG_COMPILER_APPICON_NAME = AppIcon;
				ASSETCATALOG_COMPILER_LAUNCHIMAGE_NAME = BrandAsset;
				INFOPLIST_FILE = JTAnimations/Info.plist;
				IPHONEOS_DEPLOYMENT_TARGET = 8.1;
				LD_RUNPATH_SEARCH_PATHS = "$(inherited) @executable_path/Frameworks";
				PRODUCT_BUNDLE_IDENTIFIER = com.BJT.JTAnimations;
				PRODUCT_NAME = "$(TARGET_NAME)";
			};
			name = Release;
		};
		6CFBFEEB1F07E208004F5EEF /* Debug */ = {
			isa = XCBuildConfiguration;
			buildSettings = {
				BUNDLE_LOADER = "$(TEST_HOST)";
				INFOPLIST_FILE = JTAnimationsTests/Info.plist;
				LD_RUNPATH_SEARCH_PATHS = "$(inherited) @executable_path/Frameworks @loader_path/Frameworks";
				PRODUCT_BUNDLE_IDENTIFIER = com.BJT.JTAnimationsTests;
				PRODUCT_NAME = "$(TARGET_NAME)";
				TEST_HOST = "$(BUILT_PRODUCTS_DIR)/JTAnimations.app/JTAnimations";
			};
			name = Debug;
		};
		6CFBFEEC1F07E208004F5EEF /* Release */ = {
			isa = XCBuildConfiguration;
			buildSettings = {
				BUNDLE_LOADER = "$(TEST_HOST)";
				INFOPLIST_FILE = JTAnimationsTests/Info.plist;
				LD_RUNPATH_SEARCH_PATHS = "$(inherited) @executable_path/Frameworks @loader_path/Frameworks";
				PRODUCT_BUNDLE_IDENTIFIER = com.BJT.JTAnimationsTests;
				PRODUCT_NAME = "$(TARGET_NAME)";
				TEST_HOST = "$(BUILT_PRODUCTS_DIR)/JTAnimations.app/JTAnimations";
			};
			name = Release;
		};
		6CFBFEEE1F07E208004F5EEF /* Debug */ = {
			isa = XCBuildConfiguration;
			buildSettings = {
				INFOPLIST_FILE = JTAnimationsUITests/Info.plist;
				LD_RUNPATH_SEARCH_PATHS = "$(inherited) @executable_path/Frameworks @loader_path/Frameworks";
				PRODUCT_BUNDLE_IDENTIFIER = com.BJT.JTAnimationsUITests;
				PRODUCT_NAME = "$(TARGET_NAME)";
				TEST_TARGET_NAME = JTAnimations;
				USES_XCTRUNNER = YES;
			};
			name = Debug;
		};
		6CFBFEEF1F07E208004F5EEF /* Release */ = {
			isa = XCBuildConfiguration;
			buildSettings = {
				INFOPLIST_FILE = JTAnimationsUITests/Info.plist;
				LD_RUNPATH_SEARCH_PATHS = "$(inherited) @executable_path/Frameworks @loader_path/Frameworks";
				PRODUCT_BUNDLE_IDENTIFIER = com.BJT.JTAnimationsUITests;
				PRODUCT_NAME = "$(TARGET_NAME)";
				TEST_TARGET_NAME = JTAnimations;
				USES_XCTRUNNER = YES;
			};
			name = Release;
		};
/* End XCBuildConfiguration section */

/* Begin XCConfigurationList section */
		6CFBFEB51F07E208004F5EEF /* Build configuration list for PBXProject "JTAnimations" */ = {
			isa = XCConfigurationList;
			buildConfigurations = (
				6CFBFEE51F07E208004F5EEF /* Debug */,
				6CFBFEE61F07E208004F5EEF /* Release */,
			);
			defaultConfigurationIsVisible = 0;
			defaultConfigurationName = Release;
		};
		6CFBFEE71F07E208004F5EEF /* Build configuration list for PBXNativeTarget "JTAnimations" */ = {
			isa = XCConfigurationList;
			buildConfigurations = (
				6CFBFEE81F07E208004F5EEF /* Debug */,
				6CFBFEE91F07E208004F5EEF /* Release */,
			);
			defaultConfigurationIsVisible = 0;
			defaultConfigurationName = Release;
		};
		6CFBFEEA1F07E208004F5EEF /* Build configuration list for PBXNativeTarget "JTAnimationsTests" */ = {
			isa = XCConfigurationList;
			buildConfigurations = (
				6CFBFEEB1F07E208004F5EEF /* Debug */,
				6CFBFEEC1F07E208004F5EEF /* Release */,
			);
			defaultConfigurationIsVisible = 0;
			defaultConfigurationName = Release;
		};
		6CFBFEED1F07E208004F5EEF /* Build configuration list for PBXNativeTarget "JTAnimationsUITests" */ = {
			isa = XCConfigurationList;
			buildConfigurations = (
				6CFBFEEE1F07E208004F5EEF /* Debug */,
				6CFBFEEF1F07E208004F5EEF /* Release */,
			);
			defaultConfigurationIsVisible = 0;
			defaultConfigurationName = Release;
		};
/* End XCConfigurationList section */
	};
	rootObject = 6CFBFEB21F07E208004F5EEF /* Project object */;
}
