// !$*UTF8*$!
{
	archiveVersion = 1;
	classes = {
	};
	objectVersion = 46;
	objects = {

/* Begin PBXBuildFile section */
		6CFBFEBF1F07E208004F5EEF /* main.m in Sources */ = {isa = PBXBuildFile; fileRef = 6CFBFEBE1F07E208004F5EEF /* main.m */; };
		6CFBFEC21F07E208004F5EEF /* AppDelegate.m in Sources */ = {isa = PBXBuildFile; fileRef = 6CFBFEC11F07E208004F5EEF /* AppDelegate.m */; };
		6CFBFEC51F07E208004F5EEF /* ViewController.m in Sources */ = {isa = PBXBuildFile; fileRef = 6CFBFEC41F07E208004F5EEF /* ViewController.m */; };
		6CFBFEC81F07E208004F5EEF /* Main.storyboard in Resources */ = {isa = PBXBuildFile; fileRef = 6CFBFEC61F07E208004F5EEF /* Main.storyboard */; };
		6CFBFECA1F07E208004F5EEF /* Assets.xcassets in Resources */ = {isa = PBXBuildFile; fileRef = 6CFBFEC91F07E208004F5EEF /* Assets.xcassets */; };
		6CFBFECD1F07E208004F5EEF /* LaunchScreen.storyboard in Resources */ = {isa = PBXBuildFile; fileRef = 6CFBFECB1F07E208004F5EEF /* LaunchScreen.storyboard */; };
		6CFBFED81F07E208004F5EEF /* JTAnimationsTests.m in Sources */ = {isa = PBXBuildFile; fileRef = 6CFBFED71F07E208004F5EEF /* JTAnimationsTests.m */; };
		6CFBFEE31F07E208004F5EEF /* JTAnimationsUITests.m in Sources */ = {isa = PBXBuildFile; fileRef = 6CFBFEE21F07E208004F5EEF /* JTAnimationsUITests.m */; };
/* End PBXBuildFile section */

/* Begin PBXContainerItemProxy section */
		6CFBFED41F07E208004F5EEF /* PBXContainerItemProxy */ = {
			isa = PBXContainerItemProxy;
			containerPortal = 6CFBFEB21F07E208004F5EEF /* Project object */;
			proxyType = 1;
			remoteGlobalIDString = 6CFBFEB91F07E208004F5EEF;
			remoteInfo = JTAnimations;
		};
		6CFBFEDF1F07E208004F5EEF /* PBXContainerItemProxy */ = {
			isa = PBXContainerItemProxy;
			containerPortal = 6CFBFEB21F07E208004F5EEF /* Project object */;
			proxyType = 1;
			remoteGlobalIDString = 6CFBFEB91F07E208004F5EEF;
			remoteInfo = JTAnimations;
		};
/* End PBXContainerItemProxy section */

/* Begin PBXFileReference section */
		6CFBFEBA1F07E208004F5EEF /* JTAnimations.app */ = {isa = PBXFileReference; explicitFileType = wrapper.application; includeInIndex = 0; path = JTAnimations.app; sourceTree = BUILT_PRODUCTS_DIR; };
		6CFBFEBE1F07E208004F5EEF /* main.m */ = {isa = PBXFileReference; lastKnownFileType = sourcecode.c.objc; path = main.m; sourceTree = "<group>"; };
		6CFBFEC01F07E208004F5EEF /* AppDelegate.h */ = {isa = PBXFileReference; lastKnownFileType = sourcecode.c.h; path = AppDelegate.h; sourceTree = "<group>"; };
		6CFBFEC11F07E208004F5EEF /* AppDelegate.m */ = {isa = PBXFileReference; lastKnownFileType = sourcecode.c.objc; path = AppDelegate.m; sourceTree = "<group>"; };
		6CFBFEC31F07E208004F5EEF /* ViewController.h */ = {isa = PBXFileReference; lastKnownFileType = sourcecode.c.h; path = ViewController.h; sourceTree = "<group>"; };
		6CFBFEC41F07E208004F5EEF /* ViewController.m */ = {isa = PBXFileReference; lastKnownFileType = sourcecode.c.objc; path = ViewController.m; sourceTree = "<group>"; };
		6CFBFEC71F07E208004F5EEF /* Base */ = {isa = PBXFileReference; lastKnownFileType = file.storyboard; name = Base; path = Base.lproj/Main.storyboard; sourceTree = "<group>"; };
		6CFBFEC91F07E208004F5EEF /* Assets.xcassets */ = {isa = PBXFileReference; lastKnownFileType = folder.assetcatalog; path = Assets.xcassets; sourceTree = "<group>"; };
		6CFBFECC1F07E208004F5EEF /* Base */ = {isa = PBXFileReference; lastKnownFileType = file.storyboard; name = Base; path = Base.lproj/LaunchScreen.storyboard; sourceTree = "<group>"; };
		6CFBFECE1F07E208004F5EEF /* Info.plist */ = {isa = PBXFileReference; lastKnownFileType = text.plist.xml; path = Info.plist; sourceTree = "<group>"; };
		6CFBFED31F07E208004F5EEF /* JTAnimationsTests.xctest */ = {isa = PBXFileReference; explicitFileType = wrapper.cfbundle; includeInIndex = 0; path = JTAnimationsTests.xctest; sourceTree = BUILT_PRODUCTS_DIR; };
		6CFBFED71F07E208004F5EEF /* JTAnimationsTests.m */ = {isa = PBXFileReference; lastKnownFileType = sourcecode.c.objc; path = JTAnimationsTests.m; sourceTree = "<group>"; };
		6CFBFED91F07E208004F5EEF /* Info.plist */ = {isa = PBXFileReference; lastKnownFileType = text.plist.xml; path = Info.plist; sourceTree = "<group>"; };
		6CFBFEDE1F07E208004F5EEF /* JTAnimationsUITests.xctest */ = {isa = PBXFileReference; explicitFileType = wrapper.cfbundle; includeInIndex = 0; path = JTAnimationsUITests.xctest; sourceTree = BUILT_PRODUCTS_DIR; };
		6CFBFEE21F07E208004F5EEF /* JTAnimationsUITests.m */ = {isa = PBXFileReference; lastKnownFileType = sourcecode.c.objc; path = JTAnimationsUITests.m; sourceTree = "<group>"; };
		6CFBFEE41F07E208004F5EEF /* Info.plist */ = {isa = PBXFileReference; lastKnownFileType = text.plist.xml; path = Info.plist; sourceTree = "<group>"; };
/* End PBXFileReference section */

/* Begin PBXFrameworksBuildPhase section */
		6CFBFEB71F07E208004F5EEF /* Frameworks */ = {
			isa = PBXFrameworksBuildPhase;
			buildActionMask = 2147483647;
			files = (
			);
			runOnlyForDeploymentPostprocessing = 0;
		};
		6CFBFED01F07E208004F5EEF /* Frameworks */ = {
			isa = PBXFrameworksBuildPhase;
			buildActionMask = 2147483647;
			files = (
			);
			runOnlyForDeploymentPostprocessing = 0;
		};
		6CFBFEDB1F07E208004F5EEF /* Frameworks */ = {
			isa = PBXFrameworksBuildPhase;
			buildActionMask = 2147483647;
			files = (
			);
			runOnlyForDeploymentPostprocessing = 0;
		};
/* End PBXFrameworksBuildPhase section */

/* Begin PBXGroup section */
		6CFBFEB11F07E208004F5EEF = {
			isa = PBXGroup;
			children = (
				6CFBFEBC1F07E208004F5EEF /* JTAnimations */,
				6CFBFED61F07E208004F5EEF /* JTAnimationsTests */,
				6CFBFEE11F07E208004F5EEF /* JTAnimationsUITests */,
				6CFBFEBB1F07E208004F5EEF /* Products */,
			);
			sourceTree = "<group>";
		};
		6CFBFEBB1F07E208004F5EEF /* Products */ = {
			isa = PBXGroup;
			children = (
				6CFBFEBA1F07E208004F5EEF /* JTAnimations.app */,
				6CFBFED31F07E208004F5EEF /* JTAnimationsTests.xctest */,
				6CFBFEDE1F07E208004F5EEF /* JTAnimationsUITests.xctest */,
			);
			name = Products;
			sourceTree = "<group>";
		};
		6CFBFEBC1F07E208004F5EEF /* JTAnimations */ = {
			isa = PBXGroup;
			children = (
				6CFBFEC01F07E208004F5EEF /* AppDelegate.h */,
				6CFBFEC11F07E208004F5EEF /* AppDelegate.m */,
				6CFBFEC31F07E208004F5EEF /* ViewController.h */,
				6CFBFEC41F07E208004F5EEF /* ViewController.m */,
				6CFBFEC61F07E208004F5EEF /* Main.storyboard */,
				6CFBFEC91F07E208004F5EEF /* Assets.xcassets */,
				6CFBFECB1F07E208004F5EEF /* LaunchScreen.storyboard */,
				6CFBFECE1F07E208004F5EEF /* Info.plist */,
				6CFBFEBD1F07E208004F5EEF /* Supporting Files */,
			);
			path = JTAnimations;
			sourceTree = "<group>";
		};
		6CFBFEBD1F07E208004F5EEF /* Supporting Files */ = {
			isa = PBXGroup;
			children = (
				6CFBFEBE1F07E208004F5EEF /* main.m */,
			);
			name = "Supporting Files";
			sourceTree = "<group>";
		};
		6CFBFED61F07E208004F5EEF /* JTAnimationsTests */ = {
			isa = PBXGroup;
			children = (
				6CFBFED71F07E208004F5EEF /* JTAnimationsTests.m */,
				6CFBFED91F07E208004F5EEF /* Info.plist */,
			);
			path = JTAnimationsTests;
			sourceTree = "<group>";
		};
		6CFBFEE11F07E208004F5EEF /* JTAnimationsUITests */ = {
			isa = PBXGroup;
			children = (
				6CFBFEE21F07E208004F5EEF /* JTAnimationsUITests.m */,
				6CFBFEE41F07E208004F5EEF /* Info.plist */,
			);
			path = JTAnimationsUITests;
			sourceTree = "<group>";
		};
/* End PBXGroup section */

/* Begin PBXNativeTarget section */
		6CFBFEB91F07E208004F5EEF /* JTAnimations */ = {
			isa = PBXNativeTarget;
			buildConfigurationList = 6CFBFEE71F07E208004F5EEF /* Build configuration list for PBXNativeTarget "JTAnimations" */;
			buildPhases = (
				6CFBFEB61F07E208004F5EEF /* Sources */,
				6CFBFEB71F07E208004F5EEF /* Frameworks */,
				6CFBFEB81F07E208004F5EEF /* Resources */,
			);
			buildRules = (
			);
			dependencies = (
			);
			name = JTAnimations;
			productName = JTAnimations;
			productReference = 6CFBFEBA1F07E208004F5EEF /* JTAnimations.app */;
			productType = "com.apple.product-type.application";
		};
		6CFBFED21F07E208004F5EEF /* JTAnimationsTests */ = {
			isa = PBXNativeTarget;
			buildConfigurationList = 6CFBFEEA1F07E208004F5EEF /* Build configuration list for PBXNativeTarget "JTAnimationsTests" */;
			buildPhases = (
				6CFBFECF1F07E208004F5EEF /* Sources */,
				6CFBFED01F07E208004F5EEF /* Frameworks */,
				6CFBFED11F07E208004F5EEF /* Resources */,
			);
			buildRules = (
			);
			dependencies = (
				6CFBFED51F07E208004F5EEF /* PBXTargetDependency */,
			);
			name = JTAnimationsTests;
			productName = JTAnimationsTests;
			productReference = 6CFBFED31F07E208004F5EEF /* JTAnimationsTests.xctest */;
			productType = "com.apple.product-type.bundle.unit-test";
		};
		6CFBFEDD1F07E208004F5EEF /* JTAnimationsUITests */ = {
			isa = PBXNativeTarget;
			buildConfigurationList = 6CFBFEED1F07E208004F5EEF /* Build configuration list for PBXNativeTarget "JTAnimationsUITests" */;
			buildPhases = (
				6CFBFEDA1F07E208004F5EEF /* Sources */,
				6CFBFEDB1F07E208004F5EEF /* Frameworks */,
				6CFBFEDC1F07E208004F5EEF /* Resources */,
			);
			buildRules = (
			);
			dependencies = (
				6CFBFEE01F07E208004F5EEF /* PBXTargetDependency */,
			);
			name = JTAnimationsUITests;
			productName = JTAnimationsUITests;
			productReference = 6CFBFEDE1F07E208004F5EEF /* JTAnimationsUITests.xctest */;
			productType = "com.apple.product-type.bundle.ui-testing";
		};
/* End PBXNativeTarget section */

/* Begin PBXProject section */
		6CFBFEB21F07E208004F5EEF /* Project object */ = {
			isa = PBXProject;
			attributes = {
				LastUpgradeCheck = 0700;
				ORGANIZATIONNAME = BJT;
				TargetAttributes = {
					6CFBFEB91F07E208004F5EEF = {
						CreatedOnToolsVersion = 7.0;
					};
					6CFBFED21F07E208004F5EEF = {
						CreatedOnToolsVersion = 7.0;
						TestTargetID = 6CFBFEB91F07E208004F5EEF;
					};
					6CFBFEDD1F07E208004F5EEF = {
						CreatedOnToolsVersion = 7.0;
						TestTargetID = 6CFBFEB91F07E208004F5EEF;
					};
				};
			};
			buildConfigurationList = 6CFBFEB51F07E208004F5EEF /* Build configuration list for PBXProject "JTAnimations" */;
			compatibilityVersion = "Xcode 3.2";
			developmentRegion = English;
			hasScannedForEncodings = 0;
			knownRegions = (
				en,
				Base,
			);
			mainGroup = 6CFBFEB11F07E208004F5EEF;
			productRefGroup = 6CFBFEBB1F07E208004F5EEF /* Products */;
			projectDirPath = "";
			projectRoot = "";
			targets = (
				6CFBFEB91F07E208004F5EEF /* JTAnimations */,
				6CFBFED21F07E208004F5EEF /* JTAnimationsTests */,
				6CFBFEDD1F07E208004F5EEF /* JTAnimationsUITests */,
			);
		};
/* End PBXProject section */

/* Begin PBXResourcesBuildPhase section */
		6CFBFEB81F07E208004F5EEF /* Resources */ = {
			isa = PBXResourcesBuildPhase;
			buildActionMask = 2147483647;
			files = (
				6CFBFECD1F07E208004F5EEF /* LaunchScreen.storyboard in Resources */,
				6CFBFECA1F07E208004F5EEF /* Assets.xcassets in Resources */,
				6CFBFEC81F07E208004F5EEF /* Main.storyboard in Resources */,
			);
			runOnlyForDeploymentPostprocessing = 0;
		};
		6CFBFED11F07E208004F5EEF /* Resources */ = {
			isa = PBXResourcesBuildPhase;
			buildActionMask = 2147483647;
			files = (
			);
			runOnlyForDeploymentPostprocessing = 0;
		};
		6CFBFEDC1F07E208004F5EEF /* Resources */ = {
			isa = PBXResourcesBuildPhase;
			buildActionMask = 2147483647;
			files = (
			);
			runOnlyForDeploymentPostprocessing = 0;
		};
/* End PBXResourcesBuildPhase section */

/* Begin PBXSourcesBuildPhase section */
		6CFBFEB61F07E208004F5EEF /* Sources */ = {
			isa = PBXSourcesBuildPhase;
			buildActionMask = 2147483647;
			files = (
				6CFBFEC51F07E208004F5EEF /* ViewController.m in Sources */,
				6CFBFEC21F07E208004F5EEF /* AppDelegate.m in Sources */,
				6CFBFEBF1F07E208004F5EEF /* main.m in Sources */,
			);
			runOnlyForDeploymentPostprocessing = 0;
		};
		6CFBFECF1F07E208004F5EEF /* Sources */ = {
			isa = PBXSourcesBuildPhase;
			buildActionMask = 2147483647;
			files = (
				6CFBFED81F07E208004F5EEF /* JTAnimationsTests.m in Sources */,
			);
			runOnlyForDeploymentPostprocessing = 0;
		};
		6CFBFEDA1F07E208004F5EEF /* Sources */ = {
			isa = PBXSourcesBuildPhase;
			buildActionMask = 2147483647;
			files = (
				6CFBFEE31F07E208004F5EEF /* JTAnimationsUITests.m in Sources */,
			);
			runOnlyForDeploymentPostprocessing = 0;
		};
/* End PBXSourcesBuildPhase section */

/* Begin PBXTargetDependency section */
		6CFBFED51F07E208004F5EEF /* PBXTargetDependency */ = {
			isa = PBXTargetDependency;
			target = 6CFBFEB91F07E208004F5EEF /* JTAnimations */;
			targetProxy = 6CFBFED41F07E208004F5EEF /* PBXContainerItemProxy */;
		};
		6CFBFEE01F07E208004F5EEF /* PBXTargetDependency */ = {
			isa = PBXTargetDependency;
			target = 6CFBFEB91F07E208004F5EEF /* JTAnimations */;
			targetProxy = 6CFBFEDF1F07E208004F5EEF /* PBXContainerItemProxy */;
		};
/* End PBXTargetDependency section */

/* Begin PBXVariantGroup section */
		6CFBFEC61F07E208004F5EEF /* Main.storyboard */ = {
			isa = PBXVariantGroup;
			children = (
				6CFBFEC71F07E208004F5EEF /* Base */,
			);
			name = Main.storyboard;
			sourceTree = "<group>";
		};
		6CFBFECB1F07E208004F5EEF /* LaunchScreen.storyboard */ = {
			isa = PBXVariantGroup;
			children = (
				6CFBFECC1F07E208004F5EEF /* Base */,
			);
			name = LaunchScreen.storyboard;
			sourceTree = "<group>";
		};
/* End PBXVariantGroup section */

/* Begin XCBuildConfiguration section */
		6CFBFEE51F07E208004F5EEF /* Debug */ = {
			isa = XCBuildConfiguration;
			buildSettings = {
				ALWAYS_SEARCH_USER_PATHS = NO;
				CLANG_CXX_LANGUAGE_STANDARD = "gnu++0x";
				CLANG_CXX_LIBRARY = "libc++";
				CLANG_ENABLE_MODULES = YES;
				CLANG_ENABLE_OBJC_ARC = YES;
				CLANG_WARN_BOOL_CONVERSION = YES;
				CLANG_WARN_CONSTANT_CONVERSION = YES;
				CLANG_WARN_DIRECT_OBJC_ISA_USAGE = YES_ERROR;
				CLANG_WARN_EMPTY_BODY = YES;
				CLANG_WARN_ENUM_CONVERSION = YES;
				CLANG_WARN_INT_CONVERSION = YES;
				CLANG_WARN_OBJC_ROOT_CLASS = YES_ERROR;
				CLANG_WARN_UNREACHABLE_CODE = YES;
				CLANG_WARN__DUPLICATE_METHOD_MATCH = YES;
				"CODE_SIGN_IDENTITY[sdk=iphoneos*]" = "iPhone Developer";
				COPY_PHASE_STRIP = NO;
				DEBUG_INFORMATION_FORMAT = dwarf;
				ENABLE_STRICT_OBJC_MSGSEND = YES;
				ENABLE_TESTABILITY = YES;
				GCC_C_LANGUAGE_STANDARD = gnu99;
				GCC_DYNAMIC_NO_PIC = NO;
				GCC_NO_COMMON_BLOCKS = YES;
				GCC_OPTIMIZATION_LEVEL = 0;
				GCC_PREPROCESSOR_DEFINITIONS = (
					"DEBUG=1",
					"$(inherited)",
				);
				GCC_WARN_64_TO_32_BIT_CONVERSION = YES;
				GCC_WARN_ABOUT_RETURN_TYPE = YES_ERROR;
				GCC_WARN_UNDECLARED_SELECTOR = YES;
				GCC_WARN_UNINITIALIZED_AUTOS = YES_AGGRESSIVE;
				GCC_WARN_UNUSED_FUNCTION = YES;
				GCC_WARN_UNUSED_VARIABLE = YES;
				IPHONEOS_DEPLOYMENT_TARGET = 9.0;
				MTL_ENABLE_DEBUG_INFO = YES;
				ONLY_ACTIVE_ARCH = YES;
				SDKROOT = iphoneos;
			};
			name = Debug;
		};
		6CFBFEE61F07E208004F5EEF /* Release */ = {
			isa = XCBuildConfiguration;
			buildSettings = {
				ALWAYS_SEARCH_USER_PATHS = NO;
				CLANG_CXX_LANGUAGE_STANDARD = "gnu++0x";
				CLANG_CXX_LIBRARY = "libc++";
				CLANG_ENABLE_MODULES = YES;
				CLANG_ENABLE_OBJC_ARC = YES;
				CLANG_WARN_BOOL_CONVERSION = YES;
				CLANG_WARN_CONSTANT_CONVERSION = YES;
				CLANG_WARN_DIRECT_OBJC_ISA_USAGE = YES_ERROR;
				CLANG_WARN_EMPTY_BODY = YES;
				CLANG_WARN_ENUM_CONVERSION = YES;
				CLANG_WARN_INT_CONVERSION = YES;
				CLANG_WARN_OBJC_ROOT_CLASS = YES_ERROR;
				CLANG_WARN_UNREACHABLE_CODE = YES;
				CLANG_WARN__DUPLICATE_METHOD_MATCH = YES;
				"CODE_SIGN_IDENTITY[sdk=iphoneos*]" = "iPhone Developer";
				COPY_PHASE_STRIP = NO;
				DEBUG_INFORMATION_FORMAT = "dwarf-with-dsym";
				ENABLE_NS_ASSERTIONS = NO;
				ENABLE_STRICT_OBJC_MSGSEND = YES;
				GCC_C_LANGUAGE_STANDARD = gnu99;
				GCC_NO_COMMON_BLOCKS = YES;
				GCC_WARN_64_TO_32_BIT_CONVERSION = YES;
				GCC_WARN_ABOUT_RETURN_TYPE = YES_ERROR;
				GCC_WARN_UNDECLARED_SELECTOR = YES;
				GCC_WARN_UNINITIALIZED_AUTOS = YES_AGGRESSIVE;
				GCC_WARN_UNUSED_FUNCTION = YES;
				GCC_WARN_UNUSED_VARIABLE = YES;
				IPHONEOS_DEPLOYMENT_TARGET = 9.0;
				MTL_ENABLE_DEBUG_INFO = NO;
				SDKROOT = iphoneos;
				VALIDATE_PRODUCT = YES;
			};
			name = Release;
		};
		6CFBFEE81F07E208004F5EEF /* Debug */ = {
			isa = XCBuildConfiguration;
			buildSettings = {
				ASSETCATALOG_COMPILER_APPICON_NAME = AppIcon;
				INFOPLIST_FILE = JTAnimations/Info.plist;
				LD_RUNPATH_SEARCH_PATHS = "$(inherited) @executable_path/Frameworks";
				PRODUCT_BUNDLE_IDENTIFIER = com.BJT.JTAnimations;
				PRODUCT_NAME = "$(TARGET_NAME)";
			};
			name = Debug;
		};
		6CFBFEE91F07E208004F5EEF /* Release */ = {
			isa = XCBuildConfiguration;
			buildSettings = {
				ASSETCATALOG_COMPILER_APPICON_NAME = AppIcon;
				INFOPLIST_FILE = JTAnimations/Info.plist;
				LD_RUNPATH_SEARCH_PATHS = "$(inherited) @executable_path/Frameworks";
				PRODUCT_BUNDLE_IDENTIFIER = com.BJT.JTAnimations;
				PRODUCT_NAME = "$(TARGET_NAME)";
			};
			name = Release;
		};
		6CFBFEEB1F07E208004F5EEF /* Debug */ = {
			isa = XCBuildConfiguration;
			buildSettings = {
				BUNDLE_LOADER = "$(TEST_HOST)";
				INFOPLIST_FILE = JTAnimationsTests/Info.plist;
				LD_RUNPATH_SEARCH_PATHS = "$(inherited) @executable_path/Frameworks @loader_path/Frameworks";
				PRODUCT_BUNDLE_IDENTIFIER = com.BJT.JTAnimationsTests;
				PRODUCT_NAME = "$(TARGET_NAME)";
				TEST_HOST = "$(BUILT_PRODUCTS_DIR)/JTAnimations.app/JTAnimations";
			};
			name = Debug;
		};
		6CFBFEEC1F07E208004F5EEF /* Release */ = {
			isa = XCBuildConfiguration;
			buildSettings = {
				BUNDLE_LOADER = "$(TEST_HOST)";
				INFOPLIST_FILE = JTAnimationsTests/Info.plist;
				LD_RUNPATH_SEARCH_PATHS = "$(inherited) @executable_path/Frameworks @loader_path/Frameworks";
				PRODUCT_BUNDLE_IDENTIFIER = com.BJT.JTAnimationsTests;
				PRODUCT_NAME = "$(TARGET_NAME)";
				TEST_HOST = "$(BUILT_PRODUCTS_DIR)/JTAnimations.app/JTAnimations";
			};
			name = Release;
		};
		6CFBFEEE1F07E208004F5EEF /* Debug */ = {
			isa = XCBuildConfiguration;
			buildSettings = {
				INFOPLIST_FILE = JTAnimationsUITests/Info.plist;
				LD_RUNPATH_SEARCH_PATHS = "$(inherited) @executable_path/Frameworks @loader_path/Frameworks";
				PRODUCT_BUNDLE_IDENTIFIER = com.BJT.JTAnimationsUITests;
				PRODUCT_NAME = "$(TARGET_NAME)";
				TEST_TARGET_NAME = JTAnimations;
				USES_XCTRUNNER = YES;
			};
			name = Debug;
		};
		6CFBFEEF1F07E208004F5EEF /* Release */ = {
			isa = XCBuildConfiguration;
			buildSettings = {
				INFOPLIST_FILE = JTAnimationsUITests/Info.plist;
				LD_RUNPATH_SEARCH_PATHS = "$(inherited) @executable_path/Frameworks @loader_path/Frameworks";
				PRODUCT_BUNDLE_IDENTIFIER = com.BJT.JTAnimationsUITests;
				PRODUCT_NAME = "$(TARGET_NAME)";
				TEST_TARGET_NAME = JTAnimations;
				USES_XCTRUNNER = YES;
			};
			name = Release;
		};
/* End XCBuildConfiguration section */

/* Begin XCConfigurationList section */
		6CFBFEB51F07E208004F5EEF /* Build configuration list for PBXProject "JTAnimations" */ = {
			isa = XCConfigurationList;
			buildConfigurations = (
				6CFBFEE51F07E208004F5EEF /* Debug */,
				6CFBFEE61F07E208004F5EEF /* Release */,
			);
			defaultConfigurationIsVisible = 0;
			defaultConfigurationName = Release;
		};
		6CFBFEE71F07E208004F5EEF /* Build configuration list for PBXNativeTarget "JTAnimations" */ = {
			isa = XCConfigurationList;
			buildConfigurations = (
				6CFBFEE81F07E208004F5EEF /* Debug */,
				6CFBFEE91F07E208004F5EEF /* Release */,
			);
			defaultConfigurationIsVisible = 0;
		};
		6CFBFEEA1F07E208004F5EEF /* Build configuration list for PBXNativeTarget "JTAnimationsTests" */ = {
			isa = XCConfigurationList;
			buildConfigurations = (
				6CFBFEEB1F07E208004F5EEF /* Debug */,
				6CFBFEEC1F07E208004F5EEF /* Release */,
			);
			defaultConfigurationIsVisible = 0;
		};
		6CFBFEED1F07E208004F5EEF /* Build configuration list for PBXNativeTarget "JTAnimationsUITests" */ = {
			isa = XCConfigurationList;
			buildConfigurations = (
				6CFBFEEE1F07E208004F5EEF /* Debug */,
				6CFBFEEF1F07E208004F5EEF /* Release */,
			);
			defaultConfigurationIsVisible = 0;
		};
/* End XCConfigurationList section */
	};
	rootObject = 6CFBFEB21F07E208004F5EEF /* Project object */;
}
